{
  "name": "simple-square-packing",
  "version": "1.1.0",
  "lockfileVersion": 1,
  "requires": true,
  "dependencies": {
    "@types/d3": {
      "version": "6.3.0",
      "resolved": "https://registry.npmjs.org/@types/d3/-/d3-6.3.0.tgz",
      "integrity": "sha512-YILdGsjNTbvkWZKsBasB4cVDwNPnni7ILMJg9keMErQHyuII2yO2jyFdUy5E+7k/HTNP/AucrPddQuu27udbeA==",
      "dev": true,
      "requires": {
        "@types/d3-array": "*",
        "@types/d3-axis": "*",
        "@types/d3-brush": "*",
        "@types/d3-chord": "*",
        "@types/d3-color": "*",
        "@types/d3-contour": "*",
        "@types/d3-delaunay": "*",
        "@types/d3-dispatch": "*",
        "@types/d3-drag": "*",
        "@types/d3-dsv": "*",
        "@types/d3-ease": "*",
        "@types/d3-fetch": "*",
        "@types/d3-force": "*",
        "@types/d3-format": "*",
        "@types/d3-geo": "*",
        "@types/d3-hierarchy": "*",
        "@types/d3-interpolate": "*",
        "@types/d3-path": "*",
        "@types/d3-polygon": "*",
        "@types/d3-quadtree": "*",
        "@types/d3-random": "*",
        "@types/d3-scale": "*",
        "@types/d3-scale-chromatic": "*",
        "@types/d3-selection": "*",
        "@types/d3-shape": "*",
        "@types/d3-time": "*",
        "@types/d3-time-format": "*",
        "@types/d3-timer": "*",
        "@types/d3-transition": "*",
        "@types/d3-zoom": "*"
      }
    },
    "@types/d3-array": {
      "version": "2.9.0",
      "resolved": "https://registry.npmjs.org/@types/d3-array/-/d3-array-2.9.0.tgz",
      "integrity": "sha512-sdBMGfNvLUkBypPMEhOcKcblTQfgHbqbYrUqRE31jOwdDHBJBxz4co2MDAq93S4Cp++phk4UiwoEg/1hK3xXAQ==",
      "dev": true
    },
    "@types/d3-axis": {
      "version": "2.0.0",
      "resolved": "https://registry.npmjs.org/@types/d3-axis/-/d3-axis-2.0.0.tgz",
      "integrity": "sha512-gUdlEwGBLl3tXGiBnBNmNzph9W3bCfa4tBgWZD60Z1eDQKTY4zyCAcZ3LksignGfKawYatmDYcBdjJ5h/54sqA==",
      "dev": true,
      "requires": {
        "@types/d3-selection": "*"
      }
    },
    "@types/d3-brush": {
      "version": "2.1.0",
      "resolved": "https://registry.npmjs.org/@types/d3-brush/-/d3-brush-2.1.0.tgz",
      "integrity": "sha512-rLQqxQeXWF4ArXi81GlV8HBNwJw9EDpz0jcWvvzv548EDE4tXrayBTOHYi/8Q4FZ/Df8PGXFzxpAVQmJMjOtvQ==",
      "dev": true,
      "requires": {
        "@types/d3-selection": "*"
      }
    },
    "@types/d3-chord": {
      "version": "2.0.0",
      "resolved": "https://registry.npmjs.org/@types/d3-chord/-/d3-chord-2.0.0.tgz",
      "integrity": "sha512-3nHsLY7lImpZlM/hrPeDqqW2a+lRXXoHsG54QSurDGihZAIE/doQlohs0evoHrWOJqXyn4A4xbSVEtXnMEZZiw==",
      "dev": true
    },
    "@types/d3-color": {
      "version": "2.0.1",
      "resolved": "https://registry.npmjs.org/@types/d3-color/-/d3-color-2.0.1.tgz",
      "integrity": "sha512-u7LTCL7RnaavFSmob2rIAJLNwu50i6gFwY9cHFr80BrQURYQBRkJ+Yv47nA3Fm7FeRhdWTiVTeqvSeOuMAOzBQ==",
      "dev": true
    },
    "@types/d3-contour": {
      "version": "2.0.0",
      "resolved": "https://registry.npmjs.org/@types/d3-contour/-/d3-contour-2.0.0.tgz",
      "integrity": "sha512-PS9UO6zBQqwHXsocbpdzZFONgK1oRUgWtjjh/iz2vM06KaXLInLiKZ9e3OLBRerc1cU2uJYpO+8zOnb6frvCGQ==",
      "dev": true,
      "requires": {
        "@types/d3-array": "*",
        "@types/geojson": "*"
      }
    },
    "@types/d3-delaunay": {
      "version": "5.3.0",
      "resolved": "https://registry.npmjs.org/@types/d3-delaunay/-/d3-delaunay-5.3.0.tgz",
      "integrity": "sha512-gJYcGxLu0xDZPccbUe32OUpeaNtd1Lz0NYJtko6ZLMyG2euF4pBzrsQXms67LHZCDFzzszw+dMhSL/QAML3bXw==",
      "dev": true
    },
    "@types/d3-dispatch": {
      "version": "2.0.0",
      "resolved": "https://registry.npmjs.org/@types/d3-dispatch/-/d3-dispatch-2.0.0.tgz",
      "integrity": "sha512-Sh0KW6z/d7uxssD7K4s4uCSzlEG/+SP+U47q098NVdOfFvUKNTvKAIV4XqjxsUuhE/854ARAREHOxkr9gQOCyg==",
      "dev": true
    },
    "@types/d3-drag": {
      "version": "2.0.0",
      "resolved": "https://registry.npmjs.org/@types/d3-drag/-/d3-drag-2.0.0.tgz",
      "integrity": "sha512-VaUJPjbMnDn02tcRqsHLRAX5VjcRIzCjBfeXTLGe6QjMn5JccB5Cz4ztMRXMJfkbC45ovgJFWuj6DHvWMX1thA==",
      "dev": true,
      "requires": {
        "@types/d3-selection": "*"
      }
    },
    "@types/d3-dsv": {
      "version": "2.0.1",
      "resolved": "https://registry.npmjs.org/@types/d3-dsv/-/d3-dsv-2.0.1.tgz",
      "integrity": "sha512-wovgiG9Mgkr/SZ/m/c0m+RwrIT4ozsuCWeLxJyoObDWsie2DeQT4wzMdHZPR9Ya5oZLQT3w3uSl0NehG0+0dCA==",
      "dev": true
    },
    "@types/d3-ease": {
      "version": "2.0.0",
      "resolved": "https://registry.npmjs.org/@types/d3-ease/-/d3-ease-2.0.0.tgz",
      "integrity": "sha512-6aZrTyX5LG+ptofVHf+gTsThLRY1nhLotJjgY4drYqk1OkJMu2UvuoZRlPw2fffjRHeYepue3/fxTufqKKmvsA==",
      "dev": true
    },
    "@types/d3-fetch": {
      "version": "2.0.0",
      "resolved": "https://registry.npmjs.org/@types/d3-fetch/-/d3-fetch-2.0.0.tgz",
      "integrity": "sha512-WnLepGtxepFfXRdPI8I5FTgNiHn9p4vMTTqaNCzJJfAswXx0rOY2jjeolzEU063em3iJmGZ+U79InnEeFOrCRw==",
      "dev": true,
      "requires": {
        "@types/d3-dsv": "*"
      }
    },
    "@types/d3-force": {
      "version": "2.1.0",
      "resolved": "https://registry.npmjs.org/@types/d3-force/-/d3-force-2.1.0.tgz",
      "integrity": "sha512-LGDtC2YADu8OBniq9EBx/MOsXsMcJbEkmfSpXuz6oVdRamB+3CLCiq5EKFPEILGZQckkilGFq1ZTJ7kc289k+Q==",
      "dev": true
    },
    "@types/d3-format": {
      "version": "2.0.0",
      "resolved": "https://registry.npmjs.org/@types/d3-format/-/d3-format-2.0.0.tgz",
      "integrity": "sha512-uagdkftxnGkO4pZw5jEYOM5ZnZOEsh7z8j11Qxk85UkB2RzfUUxRl7R9VvvJZHwKn8l+x+rpS77Nusq7FkFmIg==",
      "dev": true
    },
    "@types/d3-geo": {
      "version": "2.0.0",
      "resolved": "https://registry.npmjs.org/@types/d3-geo/-/d3-geo-2.0.0.tgz",
      "integrity": "sha512-DHHgYXW36lnAEQMYU2udKVOxxljHrn2EdOINeSC9jWCAXwOnGn7A19B8sNsHqgpu4F7O2bSD7//cqBXD3W0Deg==",
      "dev": true,
      "requires": {
        "@types/geojson": "*"
      }
    },
    "@types/d3-hierarchy": {
      "version": "2.0.0",
      "resolved": "https://registry.npmjs.org/@types/d3-hierarchy/-/d3-hierarchy-2.0.0.tgz",
      "integrity": "sha512-YxdskUvwzqggpnSnDQj4KVkicgjpkgXn/g/9M9iGsiToLS3nG6Ytjo1FoYhYVAAElV/fJBGVL3cQ9Hb7tcv+lw==",
      "dev": true
    },
    "@types/d3-interpolate": {
      "version": "2.0.0",
      "resolved": "https://registry.npmjs.org/@types/d3-interpolate/-/d3-interpolate-2.0.0.tgz",
      "integrity": "sha512-Wt1v2zTlEN8dSx8hhx6MoOhWQgTkz0Ukj7owAEIOF2QtI0e219paFX9rf/SLOr/UExWb1TcUzatU8zWwFby6gg==",
      "dev": true,
      "requires": {
        "@types/d3-color": "*"
      }
    },
    "@types/d3-path": {
      "version": "2.0.0",
      "resolved": "https://registry.npmjs.org/@types/d3-path/-/d3-path-2.0.0.tgz",
      "integrity": "sha512-tXcR/9OtDdeCIsyl6eTNHC3XOAOdyc6ceF3QGBXOd9jTcK+ex/ecr00p9L9362e/op3UEPpxrToi1FHrtTSj7Q==",
      "dev": true
    },
    "@types/d3-polygon": {
      "version": "2.0.0",
      "resolved": "https://registry.npmjs.org/@types/d3-polygon/-/d3-polygon-2.0.0.tgz",
      "integrity": "sha512-fISnMd8ePED1G4aa4V974Jmt+ajHSgPoxMa2D0ULxMybpx0Vw4WEzhQEaMIrL3hM8HVRcKTx669I+dTy/4PhAw==",
      "dev": true
    },
    "@types/d3-quadtree": {
      "version": "2.0.0",
      "resolved": "https://registry.npmjs.org/@types/d3-quadtree/-/d3-quadtree-2.0.0.tgz",
      "integrity": "sha512-YZuJuGBnijD0H+98xMJD4oZXgv/umPXy5deu3IimYTPGH3Kr8Th6iQUff0/6S80oNBD7KtOuIHwHUCymUiRoeQ==",
      "dev": true
    },
    "@types/d3-random": {
      "version": "2.2.0",
      "resolved": "https://registry.npmjs.org/@types/d3-random/-/d3-random-2.2.0.tgz",
      "integrity": "sha512-Hjfj9m68NmYZzushzEG7etPvKH/nj9b9s9+qtkNG3/dbRBjQZQg1XS6nRuHJcCASTjxXlyXZnKu2gDxyQIIu9A==",
      "dev": true
    },
    "@types/d3-scale": {
      "version": "3.2.2",
      "resolved": "https://registry.npmjs.org/@types/d3-scale/-/d3-scale-3.2.2.tgz",
      "integrity": "sha512-qpQe8G02tzUwt9sdWX1h8A/W0Q1+N48wMnYXVOkrzeLUkCfvzJYV9Ee3aORCS4dN4ONRLFmMvaXdziQ29XGLjQ==",
      "dev": true,
      "requires": {
        "@types/d3-time": "*"
      }
    },
    "@types/d3-scale-chromatic": {
      "version": "2.0.0",
      "resolved": "https://registry.npmjs.org/@types/d3-scale-chromatic/-/d3-scale-chromatic-2.0.0.tgz",
      "integrity": "sha512-Y62+2clOwZoKua84Ha0xU77w7lePiaBoTjXugT4l8Rd5LAk+Mn/ZDtrgs087a+B5uJ3jYUHHtKw5nuEzp0WBHw==",
      "dev": true
    },
    "@types/d3-selection": {
      "version": "2.0.0",
      "resolved": "https://registry.npmjs.org/@types/d3-selection/-/d3-selection-2.0.0.tgz",
      "integrity": "sha512-EF0lWZ4tg7oDFg4YQFlbOU3936e3a9UmoQ2IXlBy1+cv2c2Pv7knhKUzGlH5Hq2sF/KeDTH1amiRPey2rrLMQA==",
      "dev": true
    },
    "@types/d3-shape": {
      "version": "2.0.0",
      "resolved": "https://registry.npmjs.org/@types/d3-shape/-/d3-shape-2.0.0.tgz",
      "integrity": "sha512-NLzD02m5PiD1KLEDjLN+MtqEcFYn4ZL9+Rqc9ZwARK1cpKZXd91zBETbe6wpBB6Ia0D0VZbpmbW3+BsGPGnCpA==",
      "dev": true,
      "requires": {
        "@types/d3-path": "^1"
      },
      "dependencies": {
        "@types/d3-path": {
          "version": "1.0.9",
          "resolved": "https://registry.npmjs.org/@types/d3-path/-/d3-path-1.0.9.tgz",
          "integrity": "sha512-NaIeSIBiFgSC6IGUBjZWcscUJEq7vpVu7KthHN8eieTV9d9MqkSOZLH4chq1PmcKy06PNe3axLeKmRIyxJ+PZQ==",
          "dev": true
        }
      }
    },
    "@types/d3-time": {
      "version": "2.0.0",
      "resolved": "https://registry.npmjs.org/@types/d3-time/-/d3-time-2.0.0.tgz",
      "integrity": "sha512-Abz8bTzy8UWDeYs9pCa3D37i29EWDjNTjemdk0ei1ApYVNqulYlGUKip/jLOpogkPSsPz/GvZCYiC7MFlEk0iQ==",
      "dev": true
    },
    "@types/d3-time-format": {
      "version": "3.0.0",
      "resolved": "https://registry.npmjs.org/@types/d3-time-format/-/d3-time-format-3.0.0.tgz",
      "integrity": "sha512-UpLg1mn/8PLyjr+J/JwdQJM/GzysMvv2CS8y+WYAL5K0+wbvXv/pPSLEfdNaprCZsGcXTxPsFMy8QtkYv9ueew==",
      "dev": true
    },
    "@types/d3-timer": {
      "version": "2.0.0",
      "resolved": "https://registry.npmjs.org/@types/d3-timer/-/d3-timer-2.0.0.tgz",
      "integrity": "sha512-l6stHr1VD1BWlW6u3pxrjLtJfpPZq9I3XmKIQtq7zHM/s6fwEtI1Yn6Sr5/jQTrUDCC5jkS6gWqlFGCDArDqNg==",
      "dev": true
    },
    "@types/d3-transition": {
      "version": "2.0.0",
      "resolved": "https://registry.npmjs.org/@types/d3-transition/-/d3-transition-2.0.0.tgz",
      "integrity": "sha512-UJDzI98utcZQUJt3uIit/Ho0/eBIANzrWJrTmi4+TaKIyWL2iCu7ShP0o4QajCskhyjOA7C8+4CE3b1YirTzEQ==",
      "dev": true,
      "requires": {
        "@types/d3-selection": "*"
      }
    },
    "@types/d3-zoom": {
      "version": "2.0.0",
      "resolved": "https://registry.npmjs.org/@types/d3-zoom/-/d3-zoom-2.0.0.tgz",
      "integrity": "sha512-daL0PJm4yT0ISTGa7p2lHX0kvv9FO/IR1ooWbHR/7H4jpbaKiLux5FslyS/OvISPiJ5SXb4sOqYhO6fMB6hKRw==",
      "dev": true,
      "requires": {
        "@types/d3-interpolate": "*",
        "@types/d3-selection": "*"
      }
    },
    "@types/geojson": {
      "version": "7946.0.7",
      "resolved": "https://registry.npmjs.org/@types/geojson/-/geojson-7946.0.7.tgz",
      "integrity": "sha512-wE2v81i4C4Ol09RtsWFAqg3BUitWbHSpSlIo+bNdsCJijO9sjme+zm+73ZMCa/qMC8UEERxzGbvmr1cffo2SiQ==",
      "dev": true
    },
    "@types/node": {
      "version": "12.0.8",
      "resolved": "https://registry.npmjs.org/@types/node/-/node-12.0.8.tgz",
      "integrity": "sha512-b8bbUOTwzIY3V5vDTY1fIJ+ePKDUBqt2hC2woVGotdQQhG/2Sh62HOKHrT7ab+VerXAcPyAiTEipPu/FsreUtg==",
      "dev": true
    },
    "@types/resolve": {
      "version": "0.0.8",
      "resolved": "https://registry.npmjs.org/@types/resolve/-/resolve-0.0.8.tgz",
      "integrity": "sha512-auApPaJf3NPfe18hSoJkp8EbZzer2ISk7o8mCC3M9he/a04+gbMF97NkpD2S8riMGvm4BMRI59/SZQSaLTKpsQ==",
      "dev": true,
      "requires": {
        "@types/node": "*"
      }
    },
    "builtin-modules": {
      "version": "3.1.0",
      "resolved": "https://registry.npmjs.org/builtin-modules/-/builtin-modules-3.1.0.tgz",
      "integrity": "sha512-k0KL0aWZuBt2lrxrcASWDfwOLMnodeQjodT/1SxEQAXsHANgo6ZC/VEaSEHCXt7aSTZ4/4H5LKa+tBXmW7Vtvw==",
      "dev": true
    },
    "commander": {
      "version": "7.2.0",
      "resolved": "https://registry.npmjs.org/commander/-/commander-7.2.0.tgz",
      "integrity": "sha512-QrWXB+ZQSVPmIWIhtEO9H+gwHaMGYiF5ChvoJ+K9ZGHG/sVsa6yiesAD1GC/x46sET00Xlwo1u49RVVVzvcSkw==",
      "dev": true
    },
    "d3": {
      "version": "7.0.1",
      "resolved": "https://registry.npmjs.org/d3/-/d3-7.0.1.tgz",
      "integrity": "sha512-74zonD4nAtxF9dtwFwJ3RuoHPh2D/UTFX26midBuMVH+7pRbOezuyLUIb8mbQMuYFlcUXT+xy++orCmnvMM/CA==",
      "dev": true,
      "requires": {
        "d3-array": "3",
        "d3-axis": "3",
        "d3-brush": "3",
        "d3-chord": "3",
        "d3-color": "3",
        "d3-contour": "3",
        "d3-delaunay": "6",
        "d3-dispatch": "3",
        "d3-drag": "3",
        "d3-dsv": "3",
        "d3-ease": "3",
        "d3-fetch": "3",
        "d3-force": "3",
        "d3-format": "3",
        "d3-geo": "3",
        "d3-hierarchy": "3",
        "d3-interpolate": "3",
        "d3-path": "3",
        "d3-polygon": "3",
        "d3-quadtree": "3",
        "d3-random": "3",
        "d3-scale": "4",
        "d3-scale-chromatic": "3",
        "d3-selection": "3",
        "d3-shape": "3",
        "d3-time": "3",
        "d3-time-format": "4",
        "d3-timer": "3",
        "d3-transition": "3",
        "d3-zoom": "3"
      }
    },
    "d3-array": {
      "version": "3.0.2",
      "resolved": "https://registry.npmjs.org/d3-array/-/d3-array-3.0.2.tgz",
      "integrity": "sha512-nTN4OC6ufZueotlexbxBd2z8xmG1eIfhvP2m1auH2ONps0L+AZn1r0JWuzMXZ6XgOj1VBOp7GGZmEs9NUFEBbA==",
      "dev": true,
      "requires": {
        "internmap": "1 - 2"
      }
    },
    "d3-axis": {
      "version": "3.0.0",
      "resolved": "https://registry.npmjs.org/d3-axis/-/d3-axis-3.0.0.tgz",
      "integrity": "sha512-IH5tgjV4jE/GhHkRV0HiVYPDtvfjHQlQfJHs0usq7M30XcSBvOotpmH1IgkcXsO/5gEQZD43B//fc7SRT5S+xw==",
      "dev": true
    },
    "d3-brush": {
      "version": "3.0.0",
      "resolved": "https://registry.npmjs.org/d3-brush/-/d3-brush-3.0.0.tgz",
      "integrity": "sha512-ALnjWlVYkXsVIGlOsuWH1+3udkYFI48Ljihfnh8FZPF2QS9o+PzGLBslO0PjzVoHLZ2KCVgAM8NVkXPJB2aNnQ==",
      "dev": true,
      "requires": {
        "d3-dispatch": "1 - 3",
        "d3-drag": "2 - 3",
        "d3-interpolate": "1 - 3",
        "d3-selection": "3",
        "d3-transition": "3"
      }
    },
    "d3-chord": {
      "version": "3.0.1",
      "resolved": "https://registry.npmjs.org/d3-chord/-/d3-chord-3.0.1.tgz",
      "integrity": "sha512-VE5S6TNa+j8msksl7HwjxMHDM2yNK3XCkusIlpX5kwauBfXuyLAtNg9jCp/iHH61tgI4sb6R/EIMWCqEIdjT/g==",
      "dev": true,
      "requires": {
        "d3-path": "1 - 3"
      }
    },
    "d3-color": {
      "version": "3.0.1",
      "resolved": "https://registry.npmjs.org/d3-color/-/d3-color-3.0.1.tgz",
      "integrity": "sha512-6/SlHkDOBLyQSJ1j1Ghs82OIUXpKWlR0hCsw0XrLSQhuUPuCSmLQ1QPH98vpnQxMUQM2/gfAkUEWsupVpd9JGw==",
      "dev": true
    },
    "d3-contour": {
      "version": "3.0.1",
      "resolved": "https://registry.npmjs.org/d3-contour/-/d3-contour-3.0.1.tgz",
      "integrity": "sha512-0Oc4D0KyhwhM7ZL0RMnfGycLN7hxHB8CMmwZ3+H26PWAG0ozNuYG5hXSDNgmP1SgJkQMrlG6cP20HoaSbvcJTQ==",
      "dev": true,
      "requires": {
        "d3-array": "2 - 3"
      }
    },
    "d3-delaunay": {
      "version": "6.0.2",
      "resolved": "https://registry.npmjs.org/d3-delaunay/-/d3-delaunay-6.0.2.tgz",
      "integrity": "sha512-IMLNldruDQScrcfT+MWnazhHbDJhcRJyOEBAJfwQnHle1RPh6WDuLvxNArUju2VSMSUuKlY5BGHRJ2cYyoFLQQ==",
      "dev": true,
      "requires": {
        "delaunator": "5"
      }
    },
    "d3-dispatch": {
      "version": "3.0.1",
      "resolved": "https://registry.npmjs.org/d3-dispatch/-/d3-dispatch-3.0.1.tgz",
      "integrity": "sha512-rzUyPU/S7rwUflMyLc1ETDeBj0NRuHKKAcvukozwhshr6g6c5d8zh4c2gQjY2bZ0dXeGLWc1PF174P2tVvKhfg==",
      "dev": true
    },
    "d3-drag": {
      "version": "3.0.0",
      "resolved": "https://registry.npmjs.org/d3-drag/-/d3-drag-3.0.0.tgz",
      "integrity": "sha512-pWbUJLdETVA8lQNJecMxoXfH6x+mO2UQo8rSmZ+QqxcbyA3hfeprFgIT//HW2nlHChWeIIMwS2Fq+gEARkhTkg==",
      "dev": true,
      "requires": {
        "d3-dispatch": "1 - 3",
        "d3-selection": "3"
      }
    },
    "d3-dsv": {
      "version": "3.0.1",
      "resolved": "https://registry.npmjs.org/d3-dsv/-/d3-dsv-3.0.1.tgz",
      "integrity": "sha512-UG6OvdI5afDIFP9w4G0mNq50dSOsXHJaRE8arAS5o9ApWnIElp8GZw1Dun8vP8OyHOZ/QJUKUJwxiiCCnUwm+Q==",
      "dev": true,
      "requires": {
        "commander": "7",
        "iconv-lite": "0.6",
        "rw": "1"
      }
    },
    "d3-ease": {
      "version": "3.0.1",
      "resolved": "https://registry.npmjs.org/d3-ease/-/d3-ease-3.0.1.tgz",
      "integrity": "sha512-wR/XK3D3XcLIZwpbvQwQ5fK+8Ykds1ip7A2Txe0yxncXSdq1L9skcG7blcedkOX+ZcgxGAmLX1FrRGbADwzi0w==",
      "dev": true
    },
    "d3-fetch": {
      "version": "3.0.1",
      "resolved": "https://registry.npmjs.org/d3-fetch/-/d3-fetch-3.0.1.tgz",
      "integrity": "sha512-kpkQIM20n3oLVBKGg6oHrUchHM3xODkTzjMoj7aWQFq5QEM+R6E4WkzT5+tojDY7yjez8KgCBRoj4aEr99Fdqw==",
      "dev": true,
      "requires": {
        "d3-dsv": "1 - 3"
      }
    },
    "d3-force": {
      "version": "3.0.0",
      "resolved": "https://registry.npmjs.org/d3-force/-/d3-force-3.0.0.tgz",
      "integrity": "sha512-zxV/SsA+U4yte8051P4ECydjD/S+qeYtnaIyAs9tgHCqfguma/aAQDjo85A9Z6EKhBirHRJHXIgJUlffT4wdLg==",
      "dev": true,
      "requires": {
        "d3-dispatch": "1 - 3",
        "d3-quadtree": "1 - 3",
        "d3-timer": "1 - 3"
      }
    },
    "d3-format": {
      "version": "3.0.1",
      "resolved": "https://registry.npmjs.org/d3-format/-/d3-format-3.0.1.tgz",
      "integrity": "sha512-hdL7+HBIohpgfolhBxr1KX47VMD6+vVD/oEFrxk5yhmzV2prk99EkFKYpXuhVkFpTgHdJ6/4bYcjdLPPXV4tIA==",
      "dev": true
    },
    "d3-geo": {
      "version": "3.0.1",
      "resolved": "https://registry.npmjs.org/d3-geo/-/d3-geo-3.0.1.tgz",
      "integrity": "sha512-Wt23xBych5tSy9IYAM1FR2rWIBFWa52B/oF/GYe5zbdHrg08FU8+BuI6X4PvTwPDdqdAdq04fuWJpELtsaEjeA==",
      "dev": true,
      "requires": {
        "d3-array": "2.5.0 - 3"
      }
    },
    "d3-hierarchy": {
      "version": "3.0.1",
      "resolved": "https://registry.npmjs.org/d3-hierarchy/-/d3-hierarchy-3.0.1.tgz",
      "integrity": "sha512-RlLTaofEoOrMK1JoXYIGhKTkJFI/6rFrYPgxy6QlZo2BcVc4HGTqEU0rPpzuMq5T/5XcMtAzv1XiLA3zRTfygw==",
      "dev": true
    },
    "d3-interpolate": {
      "version": "3.0.1",
      "resolved": "https://registry.npmjs.org/d3-interpolate/-/d3-interpolate-3.0.1.tgz",
      "integrity": "sha512-3bYs1rOD33uo8aqJfKP3JWPAibgw8Zm2+L9vBKEHJ2Rg+viTR7o5Mmv5mZcieN+FRYaAOWX5SJATX6k1PWz72g==",
      "dev": true,
      "requires": {
        "d3-color": "1 - 3"
      }
    },
    "d3-path": {
      "version": "3.0.1",
      "resolved": "https://registry.npmjs.org/d3-path/-/d3-path-3.0.1.tgz",
      "integrity": "sha512-gq6gZom9AFZby0YLduxT1qmrp4xpBA1YZr19OI717WIdKE2OM5ETq5qrHLb301IgxhLwcuxvGZVLeeWc/k1I6w==",
      "dev": true
    },
    "d3-polygon": {
      "version": "3.0.1",
      "resolved": "https://registry.npmjs.org/d3-polygon/-/d3-polygon-3.0.1.tgz",
      "integrity": "sha512-3vbA7vXYwfe1SYhED++fPUQlWSYTTGmFmQiany/gdbiWgU/iEyQzyymwL9SkJjFFuCS4902BSzewVGsHHmHtXg==",
      "dev": true
    },
    "d3-quadtree": {
      "version": "3.0.1",
      "resolved": "https://registry.npmjs.org/d3-quadtree/-/d3-quadtree-3.0.1.tgz",
      "integrity": "sha512-04xDrxQTDTCFwP5H6hRhsRcb9xxv2RzkcsygFzmkSIOJy3PeRJP7sNk3VRIbKXcog561P9oU0/rVH6vDROAgUw==",
      "dev": true
    },
    "d3-random": {
      "version": "3.0.1",
      "resolved": "https://registry.npmjs.org/d3-random/-/d3-random-3.0.1.tgz",
      "integrity": "sha512-FXMe9GfxTxqd5D6jFsQ+DJ8BJS4E/fT5mqqdjovykEB2oFbTMDVdg1MGFxfQW+FBOGoB++k8swBrgwSHT1cUXQ==",
      "dev": true
    },
    "d3-scale": {
      "version": "4.0.0",
      "resolved": "https://registry.npmjs.org/d3-scale/-/d3-scale-4.0.0.tgz",
      "integrity": "sha512-foHQYKpWQcyndH1CGoHdUC4PECxTxonzwwBXGT8qu+Drb1FIc6ON6dG2P5f4hRRMkLiIKeWK7iFtdznDUrnuPQ==",
      "dev": true,
      "requires": {
        "d3-array": "2.10.0 - 3",
        "d3-format": "1 - 3",
        "d3-interpolate": "1.2.0 - 3",
        "d3-time": "2.1.1 - 3",
        "d3-time-format": "2 - 4"
      }
    },
    "d3-scale-chromatic": {
      "version": "3.0.0",
      "resolved": "https://registry.npmjs.org/d3-scale-chromatic/-/d3-scale-chromatic-3.0.0.tgz",
      "integrity": "sha512-Lx9thtxAKrO2Pq6OO2Ua474opeziKr279P/TKZsMAhYyNDD3EnCffdbgeSYN5O7m2ByQsxtuP2CSDczNUIZ22g==",
      "dev": true,
      "requires": {
        "d3-color": "1 - 3",
        "d3-interpolate": "1 - 3"
      }
    },
    "d3-selection": {
      "version": "3.0.0",
      "resolved": "https://registry.npmjs.org/d3-selection/-/d3-selection-3.0.0.tgz",
      "integrity": "sha512-fmTRWbNMmsmWq6xJV8D19U/gw/bwrHfNXxrIN+HfZgnzqTHp9jOmKMhsTUjXOJnZOdZY9Q28y4yebKzqDKlxlQ==",
      "dev": true
    },
    "d3-shape": {
      "version": "3.0.1",
      "resolved": "https://registry.npmjs.org/d3-shape/-/d3-shape-3.0.1.tgz",
      "integrity": "sha512-HNZNEQoDhuCrDWEc/BMbF/hKtzMZVoe64TvisFLDp2Iyj0UShB/E6/lBsLlJTfBMbYgftHj90cXJ0SEitlE6Xw==",
      "dev": true,
      "requires": {
        "d3-path": "1 - 3"
      }
    },
    "d3-time": {
      "version": "3.0.0",
      "resolved": "https://registry.npmjs.org/d3-time/-/d3-time-3.0.0.tgz",
      "integrity": "sha512-zmV3lRnlaLI08y9IMRXSDshQb5Nj77smnfpnd2LrBa/2K281Jijactokeak14QacHs/kKq0AQ121nidNYlarbQ==",
      "dev": true,
      "requires": {
        "d3-array": "2 - 3"
      }
    },
    "d3-time-format": {
      "version": "4.0.0",
      "resolved": "https://registry.npmjs.org/d3-time-format/-/d3-time-format-4.0.0.tgz",
      "integrity": "sha512-nzaCwlj+ZVBIlFuVOT1RmU+6xb/7D5IcnhHzHQcBgS/aTa5K9fWZNN5LCXA27LgF5WxoSNJqKBbLcGMtM6Ca6A==",
      "dev": true,
      "requires": {
        "d3-time": "1 - 3"
      }
    },
    "d3-timer": {
      "version": "3.0.1",
      "resolved": "https://registry.npmjs.org/d3-timer/-/d3-timer-3.0.1.tgz",
      "integrity": "sha512-ndfJ/JxxMd3nw31uyKoY2naivF+r29V+Lc0svZxe1JvvIRmi8hUsrMvdOwgS1o6uBHmiz91geQ0ylPP0aj1VUA==",
      "dev": true
    },
    "d3-transition": {
      "version": "3.0.1",
      "resolved": "https://registry.npmjs.org/d3-transition/-/d3-transition-3.0.1.tgz",
      "integrity": "sha512-ApKvfjsSR6tg06xrL434C0WydLr7JewBB3V+/39RMHsaXTOG0zmt/OAXeng5M5LBm0ojmxJrpomQVZ1aPvBL4w==",
      "dev": true,
      "requires": {
        "d3-color": "1 - 3",
        "d3-dispatch": "1 - 3",
        "d3-ease": "1 - 3",
        "d3-interpolate": "1 - 3",
        "d3-timer": "1 - 3"
      }
    },
    "d3-zoom": {
      "version": "3.0.0",
      "resolved": "https://registry.npmjs.org/d3-zoom/-/d3-zoom-3.0.0.tgz",
      "integrity": "sha512-b8AmV3kfQaqWAuacbPuNbL6vahnOJflOhexLzMMNLga62+/nh0JzvJ0aO/5a5MVgUFGS7Hu1P9P03o3fJkDCyw==",
      "dev": true,
      "requires": {
        "d3-dispatch": "1 - 3",
        "d3-drag": "2 - 3",
        "d3-interpolate": "1 - 3",
        "d3-selection": "2 - 3",
        "d3-transition": "2 - 3"
      }
    },
    "delaunator": {
      "version": "5.0.0",
      "resolved": "https://registry.npmjs.org/delaunator/-/delaunator-5.0.0.tgz",
      "integrity": "sha512-AyLvtyJdbv/U1GkiS6gUUzclRoAY4Gs75qkMygJJhU75LW4DNuSF2RMzpxs9jw9Oz1BobHjTdkG3zdP55VxAqw==",
      "dev": true,
      "requires": {
        "robust-predicates": "^3.0.0"
      }
    },
    "estree-walker": {
      "version": "0.6.1",
      "resolved": "https://registry.npmjs.org/estree-walker/-/estree-walker-0.6.1.tgz",
      "integrity": "sha512-SqmZANLWS0mnatqbSfRP5g8OXZC12Fgg1IwNtLsyHDzJizORW4khDfjPqJZsemPWBB2uqykUah5YpQ6epsqC/w==",
      "dev": true
    },
    "fsevents": {
      "version": "2.3.2",
      "resolved": "https://registry.npmjs.org/fsevents/-/fsevents-2.3.2.tgz",
      "integrity": "sha512-xiqMQR4xAeHTuB9uWm+fFRcIOgKBMiOBP+eXiyT7jsgVCq1bkVygt00oASowB7EdtpOHaaPgKt812P9ab+DDKA==",
      "dev": true,
      "optional": true
    },
    "iconv-lite": {
      "version": "0.6.3",
      "resolved": "https://registry.npmjs.org/iconv-lite/-/iconv-lite-0.6.3.tgz",
      "integrity": "sha512-4fCk79wshMdzMp2rH06qWrJE4iolqLhCUH+OiuIgU++RB0+94NlDL81atO7GX55uUKueo0txHNtvEyI6D7WdMw==",
      "dev": true,
      "requires": {
        "safer-buffer": ">= 2.1.2 < 3.0.0"
      }
    },
    "internmap": {
      "version": "2.0.1",
      "resolved": "https://registry.npmjs.org/internmap/-/internmap-2.0.1.tgz",
      "integrity": "sha512-Ujwccrj9FkGqjbY3iVoxD1VV+KdZZeENx0rphrtzmRXbFvkFO88L80BL/zeSIguX/7T+y8k04xqtgWgS5vxwxw==",
      "dev": true
    },
    "is-module": {
      "version": "1.0.0",
      "resolved": "https://registry.npmjs.org/is-module/-/is-module-1.0.0.tgz",
      "integrity": "sha1-Mlj7afeMFNW4FdZkM2tM/7ZEFZE=",
      "dev": true
    },
    "path-parse": {
      "version": "1.0.6",
      "resolved": "https://registry.npmjs.org/path-parse/-/path-parse-1.0.6.tgz",
      "integrity": "sha512-GSmOT2EbHrINBf9SR7CDELwlJ8AENk3Qn7OikK4nFYAu3Ote2+JYNVvkpAEQm3/TLNEJFD/xZJjzyxg3KBWOzw==",
      "dev": true
    },
    "resolve": {
      "version": "1.11.1",
      "resolved": "https://registry.npmjs.org/resolve/-/resolve-1.11.1.tgz",
      "integrity": "sha512-vIpgF6wfuJOZI7KKKSP+HmiKggadPQAdsp5HiC1mvqnfp0gF1vdwgBWZIdrVft9pgqoMFQN+R7BSWZiBxx+BBw==",
      "dev": true,
      "requires": {
        "path-parse": "^1.0.6"
      }
    },
    "robust-predicates": {
      "version": "3.0.1",
      "resolved": "https://registry.npmjs.org/robust-predicates/-/robust-predicates-3.0.1.tgz",
      "integrity": "sha512-ndEIpszUHiG4HtDsQLeIuMvRsDnn8c8rYStabochtUeCvfuvNptb5TUbVD68LRAILPX7p9nqQGh4xJgn3EHS/g==",
      "dev": true
    },
    "rollup": {
      "version": "2.46.0",
      "resolved": "https://registry.npmjs.org/rollup/-/rollup-2.46.0.tgz",
      "integrity": "sha512-qPGoUBNl+Z8uNu0z7pD3WPTABWRbcOwIrO/5ccDJzmrtzn0LVf6Lj91+L5CcWhXl6iWf23FQ6m8Jkl2CmN1O7Q==",
      "dev": true,
      "requires": {
        "fsevents": "~2.3.1"
      }
    },
    "rollup-plugin-node-resolve": {
      "version": "5.2.0",
      "resolved": "https://registry.npmjs.org/rollup-plugin-node-resolve/-/rollup-plugin-node-resolve-5.2.0.tgz",
      "integrity": "sha512-jUlyaDXts7TW2CqQ4GaO5VJ4PwwaV8VUGA7+km3n6k6xtOEacf61u0VXwN80phY/evMcaS+9eIeJ9MOyDxt5Zw==",
      "dev": true,
      "requires": {
        "@types/resolve": "0.0.8",
        "builtin-modules": "^3.1.0",
        "is-module": "^1.0.0",
        "resolve": "^1.11.1",
        "rollup-pluginutils": "^2.8.1"
      }
    },
    "rollup-pluginutils": {
      "version": "2.8.1",
      "resolved": "https://registry.npmjs.org/rollup-pluginutils/-/rollup-pluginutils-2.8.1.tgz",
      "integrity": "sha512-J5oAoysWar6GuZo0s+3bZ6sVZAC0pfqKz68De7ZgDi5z63jOVZn1uJL/+z1jeKHNbGII8kAyHF5q8LnxSX5lQg==",
      "dev": true,
      "requires": {
        "estree-walker": "^0.6.1"
      }
    },
    "rw": {
      "version": "1.3.3",
      "resolved": "https://registry.npmjs.org/rw/-/rw-1.3.3.tgz",
      "integrity": "sha1-P4Yt+pGrdmsUiF700BEkv9oHT7Q=",
      "dev": true
    },
    "safer-buffer": {
      "version": "2.1.2",
      "resolved": "https://registry.npmjs.org/safer-buffer/-/safer-buffer-2.1.2.tgz",
      "integrity": "sha512-YZo3K82SD7Riyi0E1EQPojLz7kpepnSQI9IyPbHHg1XXXevb5dJI7tpyN2ADxGcQbHG7vcyRHk0cbwqcQriUtg==",
      "dev": true
    },
    "typescript": {
      "version": "4.2.4",
      "resolved": "https://registry.npmjs.org/typescript/-/typescript-4.2.4.tgz",
      "integrity": "sha512-V+evlYHZnQkaz8TRBuxTA92yZBPotr5H+WhQ7bD3hZUndx5tGOa1fuCgeSjxAzM1RiN5IzvadIXTVefuuwZCRg==",
      "dev": true
    }
  }
}
