{
  "name": "simple-square-packing",
  "version": "1.1.0",
  "lockfileVersion": 1,
  "requires": true,
  "dependencies": {
    "@types/d3": {
      "version": "5.16.3",
      "resolved": "https://registry.npmjs.org/@types/d3/-/d3-5.16.3.tgz",
      "integrity": "sha512-s3wrhYhu25XZQ5p1hI9gEMSX5bx7lg9hAmi0+i5r3v75Gz1zRTgB2Q0psx+SO+4K0AO/PPJ1pnHCz64pANN/4w==",
      "dev": true,
      "requires": {
        "@types/d3-array": "^1",
        "@types/d3-axis": "^1",
        "@types/d3-brush": "^1",
        "@types/d3-chord": "^1",
        "@types/d3-collection": "*",
        "@types/d3-color": "^1",
        "@types/d3-contour": "^1",
        "@types/d3-dispatch": "^1",
        "@types/d3-drag": "^1",
        "@types/d3-dsv": "^1",
        "@types/d3-ease": "^1",
        "@types/d3-fetch": "^1",
        "@types/d3-force": "^1",
        "@types/d3-format": "^1",
        "@types/d3-geo": "^1",
        "@types/d3-hierarchy": "^1",
        "@types/d3-interpolate": "^1",
        "@types/d3-path": "^1",
        "@types/d3-polygon": "^1",
        "@types/d3-quadtree": "^1",
        "@types/d3-random": "^1",
        "@types/d3-scale": "^2",
        "@types/d3-scale-chromatic": "^1",
        "@types/d3-selection": "^1",
        "@types/d3-shape": "^1",
        "@types/d3-time": "^1",
        "@types/d3-time-format": "^2",
        "@types/d3-timer": "^1",
        "@types/d3-transition": "^1",
        "@types/d3-voronoi": "*",
        "@types/d3-zoom": "^1"
      }
    },
    "@types/d3-array": {
      "version": "1.2.7",
      "resolved": "https://registry.npmjs.org/@types/d3-array/-/d3-array-1.2.7.tgz",
      "integrity": "sha512-51vHWuUyDOi+8XuwPrTw3cFqyh2Slg9y8COYkRfjCPG9TfYqY0hoNPzv/8BrcAy0FeQBzqEo/D/8Nk2caOQJnA==",
      "dev": true
    },
    "@types/d3-axis": {
      "version": "1.0.14",
      "resolved": "https://registry.npmjs.org/@types/d3-axis/-/d3-axis-1.0.14.tgz",
      "integrity": "sha512-wZAKX/dtFT5t5iuCaiU0QL0BWB19TE6h7C7kgfBVyoka7zidQWvf8E9zQTJ5bNPBQxd0+JmplNqwy1M8O8FOjA==",
      "dev": true,
      "requires": {
        "@types/d3-selection": "^1"
      }
    },
    "@types/d3-brush": {
      "version": "1.1.4",
      "resolved": "https://registry.npmjs.org/@types/d3-brush/-/d3-brush-1.1.4.tgz",
      "integrity": "sha512-2t8CgWaha9PsPdSZJ9m6Jl4awqf3DGIXek2e7gfheyfP2R0a/18MX+wuLHx+LyI1Ad7lxDsPWcswKD0XhQEjmg==",
      "dev": true,
      "requires": {
        "@types/d3-selection": "^1"
      }
    },
    "@types/d3-chord": {
      "version": "1.0.10",
      "resolved": "https://registry.npmjs.org/@types/d3-chord/-/d3-chord-1.0.10.tgz",
      "integrity": "sha512-U6YojfET6ITL1/bUJo+/Lh3pMV9XPAfOWwbshl3y3RlgAX9VO/Bxa13IMAylZIDY4VsA3Gkh29kZP1AcAeyoYA==",
      "dev": true
    },
    "@types/d3-collection": {
      "version": "1.0.8",
      "resolved": "https://registry.npmjs.org/@types/d3-collection/-/d3-collection-1.0.8.tgz",
      "integrity": "sha512-y5lGlazdc0HNO0F3UUX2DPE7OmYvd9Kcym4hXwrJcNUkDaypR5pX+apuMikl9LfTxKItJsY9KYvzBulpCKyvuQ==",
      "dev": true
    },
    "@types/d3-color": {
      "version": "1.4.1",
      "resolved": "https://registry.npmjs.org/@types/d3-color/-/d3-color-1.4.1.tgz",
      "integrity": "sha512-xkPLi+gbgUU9ED6QX4g6jqYL2KCB0/3AlM+ncMGqn49OgH0gFMY/ITGqPF8HwEiLzJaC+2L0I+gNwBgABv1Pvg==",
      "dev": true
    },
    "@types/d3-contour": {
      "version": "1.3.1",
      "resolved": "https://registry.npmjs.org/@types/d3-contour/-/d3-contour-1.3.1.tgz",
      "integrity": "sha512-wWwsM/3NfKTRBdH00cSf+XlsaHlNTkvH66PgDedobyvKQZ4sJrXXpr16LXvDnAal4B67v8JGrWDgyx6dqqKLuQ==",
      "dev": true,
      "requires": {
        "@types/d3-array": "^1",
        "@types/geojson": "*"
      }
    },
    "@types/d3-dispatch": {
      "version": "1.0.9",
      "resolved": "https://registry.npmjs.org/@types/d3-dispatch/-/d3-dispatch-1.0.9.tgz",
      "integrity": "sha512-zJ44YgjqALmyps+II7b1mZLhrtfV/FOxw9owT87mrweGWcg+WK5oiJX2M3SYJ0XUAExBduarysfgbR11YxzojQ==",
      "dev": true
    },
    "@types/d3-drag": {
      "version": "1.2.5",
      "resolved": "https://registry.npmjs.org/@types/d3-drag/-/d3-drag-1.2.5.tgz",
      "integrity": "sha512-7NeTnfolst1Js3Vs7myctBkmJWu6DMI3k597AaHUX98saHjHWJ6vouT83UrpE+xfbSceHV+8A0JgxuwgqgmqWw==",
      "dev": true,
      "requires": {
        "@types/d3-selection": "^1"
      }
    },
    "@types/d3-dsv": {
      "version": "1.2.1",
      "resolved": "https://registry.npmjs.org/@types/d3-dsv/-/d3-dsv-1.2.1.tgz",
      "integrity": "sha512-LLmJmjiqp/fTNEdij5bIwUJ6P6TVNk5hKM9/uk5RPO2YNgEu9XvKO0dJ7Iqd3psEdmZN1m7gB1bOsjr4HmO2BA==",
      "dev": true
    },
    "@types/d3-ease": {
      "version": "1.0.10",
      "resolved": "https://registry.npmjs.org/@types/d3-ease/-/d3-ease-1.0.10.tgz",
      "integrity": "sha512-fMFTCzd8DOwruE9zlu2O8ci5ct+U5jkGcDS+cH+HCidnJlDs0MZ+TuSVCFtEzh4E5MasItwy+HvgoFtxPHa5Cw==",
      "dev": true
    },
    "@types/d3-fetch": {
      "version": "1.2.2",
      "resolved": "https://registry.npmjs.org/@types/d3-fetch/-/d3-fetch-1.2.2.tgz",
      "integrity": "sha512-rtFs92GugtV/NpiJQd0WsmGLcg52tIL0uF0bKbbJg231pR9JEb6HT4AUwrtuLq3lOeKdLBhsjV14qb0pMmd0Aw==",
      "dev": true,
      "requires": {
        "@types/d3-dsv": "^1"
      }
    },
    "@types/d3-force": {
      "version": "1.2.2",
      "resolved": "https://registry.npmjs.org/@types/d3-force/-/d3-force-1.2.2.tgz",
      "integrity": "sha512-TN7KO7sk0tJauedIt0q20RQRFo4V3v97pJKO/TDK40X3LaPM1aXRM2+zFF+nRMtseEiszg4KffudhjR8a3+4cg==",
      "dev": true
    },
    "@types/d3-format": {
      "version": "1.4.1",
      "resolved": "https://registry.npmjs.org/@types/d3-format/-/d3-format-1.4.1.tgz",
      "integrity": "sha512-ss9G2snEKmp2In5Z3T0Jpqv8QaDBc2xHltBw83KjnV5B5w+Iwphbvq5ph/Xnu4d03fmmsdt+o1aWch379rxIbA==",
      "dev": true
    },
    "@types/d3-geo": {
      "version": "1.12.1",
      "resolved": "https://registry.npmjs.org/@types/d3-geo/-/d3-geo-1.12.1.tgz",
      "integrity": "sha512-8+gyGFyMCXIHtnMNKQDT++tZ4XYFXgiP5NK7mcv34aYXA16GQFiBBITjKzxghpO8QNVceOd9rUn1JY92WLNGQw==",
      "dev": true,
      "requires": {
        "@types/geojson": "*"
      }
    },
    "@types/d3-hierarchy": {
      "version": "1.1.7",
      "resolved": "https://registry.npmjs.org/@types/d3-hierarchy/-/d3-hierarchy-1.1.7.tgz",
      "integrity": "sha512-fvht6DOYKzqmXjMb/+xfgkmrWM4SD7rMA/ZbM+gGwr9ZTuIDfky95J8CARtaJo/ExeWyS0xGVdL2gqno2zrQ0Q==",
      "dev": true
    },
    "@types/d3-interpolate": {
      "version": "1.4.2",
      "resolved": "https://registry.npmjs.org/@types/d3-interpolate/-/d3-interpolate-1.4.2.tgz",
      "integrity": "sha512-ylycts6llFf8yAEs1tXzx2loxxzDZHseuhPokrqKprTQSTcD3JbJI1omZP1rphsELZO3Q+of3ff0ZS7+O6yVzg==",
      "dev": true,
      "requires": {
        "@types/d3-color": "^1"
      }
    },
    "@types/d3-path": {
      "version": "1.0.9",
      "resolved": "https://registry.npmjs.org/@types/d3-path/-/d3-path-1.0.9.tgz",
      "integrity": "sha512-NaIeSIBiFgSC6IGUBjZWcscUJEq7vpVu7KthHN8eieTV9d9MqkSOZLH4chq1PmcKy06PNe3axLeKmRIyxJ+PZQ==",
      "dev": true
    },
    "@types/d3-polygon": {
      "version": "1.0.8",
      "resolved": "https://registry.npmjs.org/@types/d3-polygon/-/d3-polygon-1.0.8.tgz",
      "integrity": "sha512-1TOJPXCBJC9V3+K3tGbTqD/CsqLyv/YkTXAcwdsZzxqw5cvpdnCuDl42M4Dvi8XzMxZNCT9pL4ibrK2n4VmAcw==",
      "dev": true
    },
    "@types/d3-quadtree": {
      "version": "1.0.8",
      "resolved": "https://registry.npmjs.org/@types/d3-quadtree/-/d3-quadtree-1.0.8.tgz",
      "integrity": "sha512-FuqYiexeSQZlc+IcGAVK8jSJKDFKHcSf/jx8rqJUUVx6rzv7ecQiXKyatrLHHh3W4CAvgNeVI23JKgk4+x2wFg==",
      "dev": true
    },
    "@types/d3-random": {
      "version": "1.1.3",
      "resolved": "https://registry.npmjs.org/@types/d3-random/-/d3-random-1.1.3.tgz",
      "integrity": "sha512-XXR+ZbFCoOd4peXSMYJzwk0/elP37WWAzS/DG+90eilzVbUSsgKhBcWqylGWe+lA2ubgr7afWAOBaBxRgMUrBQ==",
      "dev": true
    },
    "@types/d3-scale": {
      "version": "2.2.4",
      "resolved": "https://registry.npmjs.org/@types/d3-scale/-/d3-scale-2.2.4.tgz",
      "integrity": "sha512-wkQXT+IfgfAnKB5rtS1qMJg3FS32r1rVFHvqtiqk8pX8o5aQR3VwX1P7ErHjzNIicTlkWsaMiUTrYB+E75HFeA==",
      "dev": true,
      "requires": {
        "@types/d3-time": "^1"
      }
    },
    "@types/d3-scale-chromatic": {
      "version": "1.5.1",
      "resolved": "https://registry.npmjs.org/@types/d3-scale-chromatic/-/d3-scale-chromatic-1.5.1.tgz",
      "integrity": "sha512-7FtJYrmXTEWLykShjYhoGuDNR/Bda0+tstZMkFj4RRxUEryv16AGh3be21tqg84B6KfEwiZyEpBcTyPyU+GWjg==",
      "dev": true
    },
    "@types/d3-selection": {
      "version": "1.4.3",
      "resolved": "https://registry.npmjs.org/@types/d3-selection/-/d3-selection-1.4.3.tgz",
      "integrity": "sha512-GjKQWVZO6Sa96HiKO6R93VBE8DUW+DDkFpIMf9vpY5S78qZTlRRSNUsHr/afDpF7TvLDV7VxrUFOWW7vdIlYkA==",
      "dev": true
    },
    "@types/d3-shape": {
      "version": "1.3.4",
      "resolved": "https://registry.npmjs.org/@types/d3-shape/-/d3-shape-1.3.4.tgz",
      "integrity": "sha512-fxmOjs+UqNQGpztD5BOo+KriE0jLFrBP4Ct++0QExv/xfDOT1cpcMxgsZ+5qPmnR0t+GjbwAe1Um1PHpv3G4oA==",
      "dev": true,
      "requires": {
        "@types/d3-path": "^1"
      }
    },
    "@types/d3-time": {
      "version": "1.1.1",
      "resolved": "https://registry.npmjs.org/@types/d3-time/-/d3-time-1.1.1.tgz",
      "integrity": "sha512-ULX7LoqXTCYtM+tLYOaeAJK7IwCT+4Gxlm2MaH0ErKLi07R5lh8NHCAyWcDkCCmx1AfRcBEV6H9QE9R25uP7jw==",
      "dev": true
    },
    "@types/d3-time-format": {
      "version": "2.3.1",
      "resolved": "https://registry.npmjs.org/@types/d3-time-format/-/d3-time-format-2.3.1.tgz",
      "integrity": "sha512-fck0Z9RGfIQn3GJIEKVrp15h9m6Vlg0d5XXeiE/6+CQiBmMDZxfR21XtjEPuDeg7gC3bBM0SdieA5XF3GW1wKA==",
      "dev": true
    },
    "@types/d3-timer": {
      "version": "1.0.10",
      "resolved": "https://registry.npmjs.org/@types/d3-timer/-/d3-timer-1.0.10.tgz",
      "integrity": "sha512-ZnAbquVqy+4ZjdW0cY6URp+qF/AzTVNda2jYyOzpR2cPT35FTXl78s15Bomph9+ckOiI1TtkljnWkwbIGAb6rg==",
      "dev": true
    },
    "@types/d3-transition": {
      "version": "1.3.1",
      "resolved": "https://registry.npmjs.org/@types/d3-transition/-/d3-transition-1.3.1.tgz",
      "integrity": "sha512-U9CpMlTL/NlqdGXBlHYxTZwbmy/vN1cFv8TuAIFPX+xOW/1iChbeJBY2xmINhDQfkGJbgkH4IovafCwI1ZDrgg==",
      "dev": true,
      "requires": {
        "@types/d3-selection": "^1"
      }
    },
    "@types/d3-voronoi": {
      "version": "1.1.9",
      "resolved": "https://registry.npmjs.org/@types/d3-voronoi/-/d3-voronoi-1.1.9.tgz",
      "integrity": "sha512-DExNQkaHd1F3dFPvGA/Aw2NGyjMln6E9QzsiqOcBgnE+VInYnFBHBBySbZQts6z6xD+5jTfKCP7M4OqMyVjdwQ==",
      "dev": true
    },
    "@types/d3-zoom": {
      "version": "1.8.2",
      "resolved": "https://registry.npmjs.org/@types/d3-zoom/-/d3-zoom-1.8.2.tgz",
      "integrity": "sha512-rU0LirorUxkLxEHSzkFs7pPC0KWsxRGc0sHrxEDR0/iQq+7/xpNkKuuOOwthlgvOtpOvtTLJ2JFOD6Kr0Si4Uw==",
      "dev": true,
      "requires": {
        "@types/d3-interpolate": "^1",
        "@types/d3-selection": "^1"
      }
    },
    "@types/geojson": {
      "version": "7946.0.7",
      "resolved": "https://registry.npmjs.org/@types/geojson/-/geojson-7946.0.7.tgz",
      "integrity": "sha512-wE2v81i4C4Ol09RtsWFAqg3BUitWbHSpSlIo+bNdsCJijO9sjme+zm+73ZMCa/qMC8UEERxzGbvmr1cffo2SiQ==",
      "dev": true
    },
    "@types/node": {
      "version": "12.0.8",
      "resolved": "https://registry.npmjs.org/@types/node/-/node-12.0.8.tgz",
      "integrity": "sha512-b8bbUOTwzIY3V5vDTY1fIJ+ePKDUBqt2hC2woVGotdQQhG/2Sh62HOKHrT7ab+VerXAcPyAiTEipPu/FsreUtg==",
      "dev": true
    },
    "@types/resolve": {
      "version": "0.0.8",
      "resolved": "https://registry.npmjs.org/@types/resolve/-/resolve-0.0.8.tgz",
      "integrity": "sha512-auApPaJf3NPfe18hSoJkp8EbZzer2ISk7o8mCC3M9he/a04+gbMF97NkpD2S8riMGvm4BMRI59/SZQSaLTKpsQ==",
      "dev": true,
      "requires": {
        "@types/node": "*"
      }
    },
    "builtin-modules": {
      "version": "3.1.0",
      "resolved": "https://registry.npmjs.org/builtin-modules/-/builtin-modules-3.1.0.tgz",
      "integrity": "sha512-k0KL0aWZuBt2lrxrcASWDfwOLMnodeQjodT/1SxEQAXsHANgo6ZC/VEaSEHCXt7aSTZ4/4H5LKa+tBXmW7Vtvw==",
      "dev": true
    },
    "commander": {
      "version": "2.20.3",
      "resolved": "https://registry.npmjs.org/commander/-/commander-2.20.3.tgz",
      "integrity": "sha512-GpVkmM8vF2vQUkj2LvZmD35JxeJOLCwJ9cUkugyk2nuhbv3+mJvpLYYt+0+USMxE+oj+ey/lJEnhZw75x/OMcQ==",
      "dev": true
    },
    "d3": {
      "version": "6.2.0",
      "resolved": "https://registry.npmjs.org/d3/-/d3-6.2.0.tgz",
      "integrity": "sha512-aH+kx55J8vRBh4K4k9GN4EbNO3QnZsXy4XBfrnr4fL2gQuszUAPQU3fV2oObO2iSpreRH/bG/wfvO+hDu2+e9w==",
      "dev": true,
      "requires": {
        "d3-array": "2",
        "d3-axis": "2",
        "d3-brush": "2",
        "d3-chord": "2",
        "d3-color": "2",
        "d3-contour": "2",
        "d3-delaunay": "5",
        "d3-dispatch": "2",
        "d3-drag": "2",
        "d3-dsv": "2",
        "d3-ease": "2",
        "d3-fetch": "2",
        "d3-force": "2",
        "d3-format": "2",
        "d3-geo": "2",
        "d3-hierarchy": "2",
        "d3-interpolate": "2",
        "d3-path": "2",
        "d3-polygon": "2",
        "d3-quadtree": "2",
        "d3-random": "2",
        "d3-scale": "3",
        "d3-scale-chromatic": "2",
        "d3-selection": "2",
        "d3-shape": "2",
        "d3-time": "2",
        "d3-time-format": "3",
        "d3-timer": "2",
        "d3-transition": "2",
        "d3-zoom": "2"
      }
    },
    "d3-array": {
      "version": "2.8.0",
      "resolved": "https://registry.npmjs.org/d3-array/-/d3-array-2.8.0.tgz",
      "integrity": "sha512-6V272gsOeg7+9pTW1jSYOR1QE37g95I3my1hBmY+vOUNHRrk9yt4OTz/gK7PMkVAVDrYYq4mq3grTiZ8iJdNIw==",
      "dev": true
    },
    "d3-axis": {
      "version": "2.0.0",
      "resolved": "https://registry.npmjs.org/d3-axis/-/d3-axis-2.0.0.tgz",
      "integrity": "sha512-9nzB0uePtb+u9+dWir+HTuEAKJOEUYJoEwbJPsZ1B4K3iZUgzJcSENQ05Nj7S4CIfbZZ8/jQGoUzGKFznBhiiQ==",
      "dev": true
    },
    "d3-brush": {
      "version": "2.1.0",
      "resolved": "https://registry.npmjs.org/d3-brush/-/d3-brush-2.1.0.tgz",
      "integrity": "sha512-cHLLAFatBATyIKqZOkk/mDHUbzne2B3ZwxkzMHvFTCZCmLaXDpZRihQSn8UNXTkGD/3lb/W2sQz0etAftmHMJQ==",
      "dev": true,
      "requires": {
        "d3-dispatch": "1 - 2",
        "d3-drag": "2",
        "d3-interpolate": "1 - 2",
        "d3-selection": "2",
        "d3-transition": "2"
      }
    },
    "d3-chord": {
      "version": "2.0.0",
      "resolved": "https://registry.npmjs.org/d3-chord/-/d3-chord-2.0.0.tgz",
      "integrity": "sha512-D5PZb7EDsRNdGU4SsjQyKhja8Zgu+SHZfUSO5Ls8Wsn+jsAKUUGkcshLxMg9HDFxG3KqavGWaWkJ8EpU8ojuig==",
      "dev": true,
      "requires": {
        "d3-path": "1 - 2"
      }
    },
    "d3-color": {
      "version": "2.0.0",
      "resolved": "https://registry.npmjs.org/d3-color/-/d3-color-2.0.0.tgz",
      "integrity": "sha512-SPXi0TSKPD4g9tw0NMZFnR95XVgUZiBH+uUTqQuDu1OsE2zomHU7ho0FISciaPvosimixwHFl3WHLGabv6dDgQ==",
      "dev": true
    },
    "d3-contour": {
      "version": "2.0.0",
      "resolved": "https://registry.npmjs.org/d3-contour/-/d3-contour-2.0.0.tgz",
      "integrity": "sha512-9unAtvIaNk06UwqBmvsdHX7CZ+NPDZnn8TtNH1myW93pWJkhsV25JcgnYAu0Ck5Veb1DHiCv++Ic5uvJ+h50JA==",
      "dev": true,
      "requires": {
        "d3-array": "2"
      }
    },
    "d3-delaunay": {
      "version": "5.3.0",
      "resolved": "https://registry.npmjs.org/d3-delaunay/-/d3-delaunay-5.3.0.tgz",
      "integrity": "sha512-amALSrOllWVLaHTnDLHwMIiz0d1bBu9gZXd1FiLfXf8sHcX9jrcj81TVZOqD4UX7MgBZZ07c8GxzEgBpJqc74w==",
      "dev": true,
      "requires": {
        "delaunator": "4"
      }
    },
    "d3-dispatch": {
      "version": "2.0.0",
      "resolved": "https://registry.npmjs.org/d3-dispatch/-/d3-dispatch-2.0.0.tgz",
      "integrity": "sha512-S/m2VsXI7gAti2pBoLClFFTMOO1HTtT0j99AuXLoGFKO6deHDdnv6ZGTxSTTUTgO1zVcv82fCOtDjYK4EECmWA==",
      "dev": true
    },
    "d3-drag": {
      "version": "2.0.0",
      "resolved": "https://registry.npmjs.org/d3-drag/-/d3-drag-2.0.0.tgz",
      "integrity": "sha512-g9y9WbMnF5uqB9qKqwIIa/921RYWzlUDv9Jl1/yONQwxbOfszAWTCm8u7HOTgJgRDXiRZN56cHT9pd24dmXs8w==",
      "dev": true,
      "requires": {
        "d3-dispatch": "1 - 2",
        "d3-selection": "2"
      }
    },
    "d3-dsv": {
      "version": "2.0.0",
      "resolved": "https://registry.npmjs.org/d3-dsv/-/d3-dsv-2.0.0.tgz",
      "integrity": "sha512-E+Pn8UJYx9mViuIUkoc93gJGGYut6mSDKy2+XaPwccwkRGlR+LO97L2VCCRjQivTwLHkSnAJG7yo00BWY6QM+w==",
      "dev": true,
      "requires": {
        "commander": "2",
        "iconv-lite": "0.4",
        "rw": "1"
      }
    },
    "d3-ease": {
      "version": "2.0.0",
      "resolved": "https://registry.npmjs.org/d3-ease/-/d3-ease-2.0.0.tgz",
      "integrity": "sha512-68/n9JWarxXkOWMshcT5IcjbB+agblQUaIsbnXmrzejn2O82n3p2A9R2zEB9HIEFWKFwPAEDDN8gR0VdSAyyAQ==",
      "dev": true
    },
    "d3-fetch": {
      "version": "2.0.0",
      "resolved": "https://registry.npmjs.org/d3-fetch/-/d3-fetch-2.0.0.tgz",
      "integrity": "sha512-TkYv/hjXgCryBeNKiclrwqZH7Nb+GaOwo3Neg24ZVWA3MKB+Rd+BY84Nh6tmNEMcjUik1CSUWjXYndmeO6F7sw==",
      "dev": true,
      "requires": {
        "d3-dsv": "1 - 2"
      }
    },
    "d3-force": {
      "version": "2.1.1",
      "resolved": "https://registry.npmjs.org/d3-force/-/d3-force-2.1.1.tgz",
      "integrity": "sha512-nAuHEzBqMvpFVMf9OX75d00OxvOXdxY+xECIXjW6Gv8BRrXu6gAWbv/9XKrvfJ5i5DCokDW7RYE50LRoK092ew==",
      "dev": true,
      "requires": {
        "d3-dispatch": "1 - 2",
        "d3-quadtree": "1 - 2",
        "d3-timer": "1 - 2"
      }
    },
    "d3-format": {
      "version": "2.0.0",
      "resolved": "https://registry.npmjs.org/d3-format/-/d3-format-2.0.0.tgz",
      "integrity": "sha512-Ab3S6XuE/Q+flY96HXT0jOXcM4EAClYFnRGY5zsjRGNy6qCYrQsMffs7cV5Q9xejb35zxW5hf/guKw34kvIKsA==",
      "dev": true
    },
    "d3-geo": {
      "version": "2.0.1",
      "resolved": "https://registry.npmjs.org/d3-geo/-/d3-geo-2.0.1.tgz",
      "integrity": "sha512-M6yzGbFRfxzNrVhxDJXzJqSLQ90q1cCyb3EWFZ1LF4eWOBYxFypw7I/NFVBNXKNqxv1bqLathhYvdJ6DC+th3A==",
      "dev": true,
      "requires": {
        "d3-array": ">=2.5"
      }
    },
    "d3-hierarchy": {
      "version": "2.0.0",
      "resolved": "https://registry.npmjs.org/d3-hierarchy/-/d3-hierarchy-2.0.0.tgz",
      "integrity": "sha512-SwIdqM3HxQX2214EG9GTjgmCc/mbSx4mQBn+DuEETubhOw6/U3fmnji4uCVrmzOydMHSO1nZle5gh6HB/wdOzw==",
      "dev": true
    },
    "d3-interpolate": {
      "version": "2.0.1",
      "resolved": "https://registry.npmjs.org/d3-interpolate/-/d3-interpolate-2.0.1.tgz",
      "integrity": "sha512-c5UhwwTs/yybcmTpAVqwSFl6vrQ8JZJoT5F7xNFK9pymv5C0Ymcc9/LIJHtYIggg/yS9YHw8i8O8tgb9pupjeQ==",
      "dev": true,
      "requires": {
        "d3-color": "1 - 2"
      }
    },
    "d3-path": {
      "version": "2.0.0",
      "resolved": "https://registry.npmjs.org/d3-path/-/d3-path-2.0.0.tgz",
      "integrity": "sha512-ZwZQxKhBnv9yHaiWd6ZU4x5BtCQ7pXszEV9CU6kRgwIQVQGLMv1oiL4M+MK/n79sYzsj+gcgpPQSctJUsLN7fA==",
      "dev": true
    },
    "d3-polygon": {
      "version": "2.0.0",
      "resolved": "https://registry.npmjs.org/d3-polygon/-/d3-polygon-2.0.0.tgz",
      "integrity": "sha512-MsexrCK38cTGermELs0cO1d79DcTsQRN7IWMJKczD/2kBjzNXxLUWP33qRF6VDpiLV/4EI4r6Gs0DAWQkE8pSQ==",
      "dev": true
    },
    "d3-quadtree": {
      "version": "2.0.0",
      "resolved": "https://registry.npmjs.org/d3-quadtree/-/d3-quadtree-2.0.0.tgz",
      "integrity": "sha512-b0Ed2t1UUalJpc3qXzKi+cPGxeXRr4KU9YSlocN74aTzp6R/Ud43t79yLLqxHRWZfsvWXmbDWPpoENK1K539xw==",
      "dev": true
    },
    "d3-random": {
      "version": "2.2.2",
      "resolved": "https://registry.npmjs.org/d3-random/-/d3-random-2.2.2.tgz",
      "integrity": "sha512-0D9P8TRj6qDAtHhRQn6EfdOtHMfsUWanl3yb/84C4DqpZ+VsgfI5iTVRNRbELCfNvRfpMr8OrqqUTQ6ANGCijw==",
      "dev": true
    },
    "d3-scale": {
      "version": "3.2.3",
      "resolved": "https://registry.npmjs.org/d3-scale/-/d3-scale-3.2.3.tgz",
      "integrity": "sha512-8E37oWEmEzj57bHcnjPVOBS3n4jqakOeuv1EDdQSiSrYnMCBdMd3nc4HtKk7uia8DUHcY/CGuJ42xxgtEYrX0g==",
      "dev": true,
      "requires": {
        "d3-array": "^2.3.0",
        "d3-format": "1 - 2",
        "d3-interpolate": "1.2.0 - 2",
        "d3-time": "1 - 2",
        "d3-time-format": "2 - 3"
      }
    },
    "d3-scale-chromatic": {
      "version": "2.0.0",
      "resolved": "https://registry.npmjs.org/d3-scale-chromatic/-/d3-scale-chromatic-2.0.0.tgz",
      "integrity": "sha512-LLqy7dJSL8yDy7NRmf6xSlsFZ6zYvJ4BcWFE4zBrOPnQERv9zj24ohnXKRbyi9YHnYV+HN1oEO3iFK971/gkzA==",
      "dev": true,
      "requires": {
        "d3-color": "1 - 2",
        "d3-interpolate": "1 - 2"
      }
    },
    "d3-selection": {
      "version": "2.0.0",
      "resolved": "https://registry.npmjs.org/d3-selection/-/d3-selection-2.0.0.tgz",
      "integrity": "sha512-XoGGqhLUN/W14NmaqcO/bb1nqjDAw5WtSYb2X8wiuQWvSZUsUVYsOSkOybUrNvcBjaywBdYPy03eXHMXjk9nZA==",
      "dev": true
    },
    "d3-shape": {
      "version": "2.0.0",
      "resolved": "https://registry.npmjs.org/d3-shape/-/d3-shape-2.0.0.tgz",
      "integrity": "sha512-djpGlA779ua+rImicYyyjnOjeubyhql1Jyn1HK0bTyawuH76UQRWXd+pftr67H6Fa8hSwetkgb/0id3agKWykw==",
      "dev": true,
      "requires": {
        "d3-path": "1 - 2"
      }
    },
    "d3-time": {
      "version": "2.0.0",
      "resolved": "https://registry.npmjs.org/d3-time/-/d3-time-2.0.0.tgz",
      "integrity": "sha512-2mvhstTFcMvwStWd9Tj3e6CEqtOivtD8AUiHT8ido/xmzrI9ijrUUihZ6nHuf/vsScRBonagOdj0Vv+SEL5G3Q==",
      "dev": true
    },
    "d3-time-format": {
      "version": "3.0.0",
      "resolved": "https://registry.npmjs.org/d3-time-format/-/d3-time-format-3.0.0.tgz",
      "integrity": "sha512-UXJh6EKsHBTjopVqZBhFysQcoXSv/5yLONZvkQ5Kk3qbwiUYkdX17Xa1PT6U1ZWXGGfB1ey5L8dKMlFq2DO0Ag==",
      "dev": true,
      "requires": {
        "d3-time": "1 - 2"
      }
    },
    "d3-timer": {
      "version": "2.0.0",
      "resolved": "https://registry.npmjs.org/d3-timer/-/d3-timer-2.0.0.tgz",
      "integrity": "sha512-TO4VLh0/420Y/9dO3+f9abDEFYeCUr2WZRlxJvbp4HPTQcSylXNiL6yZa9FIUvV1yRiFufl1bszTCLDqv9PWNA==",
      "dev": true
    },
    "d3-transition": {
      "version": "2.0.0",
      "resolved": "https://registry.npmjs.org/d3-transition/-/d3-transition-2.0.0.tgz",
      "integrity": "sha512-42ltAGgJesfQE3u9LuuBHNbGrI/AJjNL2OAUdclE70UE6Vy239GCBEYD38uBPoLeNsOhFStGpPI0BAOV+HMxog==",
      "dev": true,
      "requires": {
        "d3-color": "1 - 2",
        "d3-dispatch": "1 - 2",
        "d3-ease": "1 - 2",
        "d3-interpolate": "1 - 2",
        "d3-timer": "1 - 2"
      }
    },
    "d3-zoom": {
      "version": "2.0.0",
      "resolved": "https://registry.npmjs.org/d3-zoom/-/d3-zoom-2.0.0.tgz",
      "integrity": "sha512-fFg7aoaEm9/jf+qfstak0IYpnesZLiMX6GZvXtUSdv8RH2o4E2qeelgdU09eKS6wGuiGMfcnMI0nTIqWzRHGpw==",
      "dev": true,
      "requires": {
        "d3-dispatch": "1 - 2",
        "d3-drag": "2",
        "d3-interpolate": "1 - 2",
        "d3-selection": "2",
        "d3-transition": "2"
      }
    },
    "delaunator": {
      "version": "4.0.1",
      "resolved": "https://registry.npmjs.org/delaunator/-/delaunator-4.0.1.tgz",
      "integrity": "sha512-WNPWi1IRKZfCt/qIDMfERkDp93+iZEmOxN2yy4Jg+Xhv8SLk2UTqqbe1sfiipn0and9QrE914/ihdx82Y/Giag==",
      "dev": true
    },
    "estree-walker": {
      "version": "0.6.1",
      "resolved": "https://registry.npmjs.org/estree-walker/-/estree-walker-0.6.1.tgz",
      "integrity": "sha512-SqmZANLWS0mnatqbSfRP5g8OXZC12Fgg1IwNtLsyHDzJizORW4khDfjPqJZsemPWBB2uqykUah5YpQ6epsqC/w==",
      "dev": true
    },
    "fsevents": {
      "version": "2.1.3",
      "resolved": "https://registry.npmjs.org/fsevents/-/fsevents-2.1.3.tgz",
      "integrity": "sha512-Auw9a4AxqWpa9GUfj370BMPzzyncfBABW8Mab7BGWBYDj4Isgq+cDKtx0i6u9jcX9pQDnswsaaOTgTmA5pEjuQ==",
      "dev": true,
      "optional": true
    },
    "iconv-lite": {
      "version": "0.4.24",
      "resolved": "https://registry.npmjs.org/iconv-lite/-/iconv-lite-0.4.24.tgz",
      "integrity": "sha512-v3MXnZAcvnywkTUEZomIActle7RXXeedOR31wwl7VlyoXO4Qi9arvSenNQWne1TcRwhCL1HwLI21bEqdpj8/rA==",
      "dev": true,
      "requires": {
        "safer-buffer": ">= 2.1.2 < 3"
      }
    },
    "is-module": {
      "version": "1.0.0",
      "resolved": "https://registry.npmjs.org/is-module/-/is-module-1.0.0.tgz",
      "integrity": "sha1-Mlj7afeMFNW4FdZkM2tM/7ZEFZE=",
      "dev": true
    },
    "path-parse": {
      "version": "1.0.6",
      "resolved": "https://registry.npmjs.org/path-parse/-/path-parse-1.0.6.tgz",
      "integrity": "sha512-GSmOT2EbHrINBf9SR7CDELwlJ8AENk3Qn7OikK4nFYAu3Ote2+JYNVvkpAEQm3/TLNEJFD/xZJjzyxg3KBWOzw==",
      "dev": true
    },
    "resolve": {
      "version": "1.11.1",
      "resolved": "https://registry.npmjs.org/resolve/-/resolve-1.11.1.tgz",
      "integrity": "sha512-vIpgF6wfuJOZI7KKKSP+HmiKggadPQAdsp5HiC1mvqnfp0gF1vdwgBWZIdrVft9pgqoMFQN+R7BSWZiBxx+BBw==",
      "dev": true,
      "requires": {
        "path-parse": "^1.0.6"
      }
    },
    "rollup": {
      "version": "2.32.1",
      "resolved": "https://registry.npmjs.org/rollup/-/rollup-2.32.1.tgz",
      "integrity": "sha512-Op2vWTpvK7t6/Qnm1TTh7VjEZZkN8RWgf0DHbkKzQBwNf748YhXbozHVefqpPp/Fuyk/PQPAnYsBxAEtlMvpUw==",
      "dev": true,
      "requires": {
        "fsevents": "~2.1.2"
      }
    },
    "rollup-plugin-node-resolve": {
      "version": "5.2.0",
      "resolved": "https://registry.npmjs.org/rollup-plugin-node-resolve/-/rollup-plugin-node-resolve-5.2.0.tgz",
      "integrity": "sha512-jUlyaDXts7TW2CqQ4GaO5VJ4PwwaV8VUGA7+km3n6k6xtOEacf61u0VXwN80phY/evMcaS+9eIeJ9MOyDxt5Zw==",
      "dev": true,
      "requires": {
        "@types/resolve": "0.0.8",
        "builtin-modules": "^3.1.0",
        "is-module": "^1.0.0",
        "resolve": "^1.11.1",
        "rollup-pluginutils": "^2.8.1"
      }
    },
    "rollup-pluginutils": {
      "version": "2.8.1",
      "resolved": "https://registry.npmjs.org/rollup-pluginutils/-/rollup-pluginutils-2.8.1.tgz",
      "integrity": "sha512-J5oAoysWar6GuZo0s+3bZ6sVZAC0pfqKz68De7ZgDi5z63jOVZn1uJL/+z1jeKHNbGII8kAyHF5q8LnxSX5lQg==",
      "dev": true,
      "requires": {
        "estree-walker": "^0.6.1"
      }
    },
    "rw": {
      "version": "1.3.3",
      "resolved": "https://registry.npmjs.org/rw/-/rw-1.3.3.tgz",
      "integrity": "sha1-P4Yt+pGrdmsUiF700BEkv9oHT7Q=",
      "dev": true
    },
    "safer-buffer": {
      "version": "2.1.2",
      "resolved": "https://registry.npmjs.org/safer-buffer/-/safer-buffer-2.1.2.tgz",
      "integrity": "sha512-YZo3K82SD7Riyi0E1EQPojLz7kpepnSQI9IyPbHHg1XXXevb5dJI7tpyN2ADxGcQbHG7vcyRHk0cbwqcQriUtg==",
      "dev": true
    },
    "typescript": {
      "version": "4.0.3",
      "resolved": "https://registry.npmjs.org/typescript/-/typescript-4.0.3.tgz",
      "integrity": "sha512-tEu6DGxGgRJPb/mVPIZ48e69xCn2yRmCgYmDugAVwmJ6o+0u1RI18eO7E7WBTLYLaEVVOhwQmcdhQHweux/WPg==",
      "dev": true
    }
  }
}
