# THIS IS AN AUTOGENERATED FILE. DO NOT EDIT THIS FILE DIRECTLY.
# yarn lockfile v1


"@types/d3-array@*":
  version "1.0.6"
  resolved "https://registry.yarnpkg.com/@types/d3-array/-/d3-array-1.0.6.tgz#f3c02ed26f2921fd018ad7c1f8cb4ba841557c89"

"@types/d3-axis@*":
  version "1.0.6"
  resolved "https://registry.yarnpkg.com/@types/d3-axis/-/d3-axis-1.0.6.tgz#6b46db3facebb6eff5b957c4d2ba69b90239ce02"
  dependencies:
    "@types/d3-selection" "*"

"@types/d3-brush@*":
  version "1.0.6"
  resolved "https://registry.yarnpkg.com/@types/d3-brush/-/d3-brush-1.0.6.tgz#c755ce79944f8d205dcea3771c91a1732c726d88"
  dependencies:
    "@types/d3-selection" "*"

"@types/d3-chord@*":
  version "1.0.5"
  resolved "https://registry.yarnpkg.com/@types/d3-chord/-/d3-chord-1.0.5.tgz#48ed6c1415043aabc3514a56075f78766e575492"

"@types/d3-collection@*":
  version "1.0.4"
  resolved "https://registry.yarnpkg.com/@types/d3-collection/-/d3-collection-1.0.4.tgz#19b1eede200ba5bdafb4c8af19afe32c2de7a660"

"@types/d3-color@*":
  version "1.0.4"
  resolved "https://registry.yarnpkg.com/@types/d3-color/-/d3-color-1.0.4.tgz#f0e1b64162fea2f932007fb966c26cc8aff3a47d"

"@types/d3-contour@*":
  version "1.2.1"
  resolved "https://registry.yarnpkg.com/@types/d3-contour/-/d3-contour-1.2.1.tgz#03d4f9849f8b99f841d2adf6f59b2dcf06987178"
  dependencies:
    "@types/d3-array" "*"
    "@types/geojson" "*"

"@types/d3-dispatch@*":
  version "1.0.4"
  resolved "https://registry.yarnpkg.com/@types/d3-dispatch/-/d3-dispatch-1.0.4.tgz#91b8de6198053efc46788ad5f27182bcc42335b5"

"@types/d3-drag@*":
  version "1.0.6"
  resolved "https://registry.yarnpkg.com/@types/d3-drag/-/d3-drag-1.0.6.tgz#38b4130accd97b29269dc5899d59f87bc55eab7d"
  dependencies:
    "@types/d3-selection" "*"

"@types/d3-dsv@*":
  version "1.0.29"
  resolved "https://registry.yarnpkg.com/@types/d3-dsv/-/d3-dsv-1.0.29.tgz#06c92b01ec32b5c457701d520d5bac6358b1fb0f"

"@types/d3-ease@*":
  version "1.0.5"
  resolved "https://registry.yarnpkg.com/@types/d3-ease/-/d3-ease-1.0.5.tgz#cae0c4a6dd39be58cc1c94ad08bd991c2d932400"

"@types/d3-fetch@*":
  version "1.1.2"
  resolved "https://registry.yarnpkg.com/@types/d3-fetch/-/d3-fetch-1.1.2.tgz#a59921477e25850ca6b3353e03d5d29e5a0e8e03"
  dependencies:
    "@types/d3-dsv" "*"

"@types/d3-force@*":
  version "1.0.6"
  resolved "https://registry.yarnpkg.com/@types/d3-force/-/d3-force-1.0.6.tgz#cadf5c5591e5d554c93ddb1c359d2b0daa83abca"

"@types/d3-format@*":
  version "1.0.7"
  resolved "https://registry.yarnpkg.com/@types/d3-format/-/d3-format-1.0.7.tgz#4f40de7a19def868f3811cc4ef5e37e3ff0546a3"

"@types/d3-geo@*":
  version "1.4.0"
  resolved "https://registry.yarnpkg.com/@types/d3-geo/-/d3-geo-1.4.0.tgz#7996fca86b1d478f9c1996b762169340b4d1664a"
  dependencies:
    "@types/geojson" "*"

"@types/d3-hierarchy@*":
  version "1.0.4"
  resolved "https://registry.yarnpkg.com/@types/d3-hierarchy/-/d3-hierarchy-1.0.4.tgz#9857760dc276523dd65f6ecf848b78486925daa8"

"@types/d3-interpolate@*":
  version "1.1.5"
  resolved "https://registry.yarnpkg.com/@types/d3-interpolate/-/d3-interpolate-1.1.5.tgz#956485bb0f75c07b49b33f7b44a35cfa9f7f4f46"
  dependencies:
    "@types/d3-color" "*"

"@types/d3-path@*":
  version "1.0.5"
  resolved "https://registry.yarnpkg.com/@types/d3-path/-/d3-path-1.0.5.tgz#84e54043410048a188c03100592c2b9e417664f7"

"@types/d3-polygon@*":
  version "1.0.4"
  resolved "https://registry.yarnpkg.com/@types/d3-polygon/-/d3-polygon-1.0.4.tgz#44aa10bf081c8e87642827feb6285e8280c3eee4"

"@types/d3-quadtree@*":
  version "1.0.4"
  resolved "https://registry.yarnpkg.com/@types/d3-quadtree/-/d3-quadtree-1.0.4.tgz#fb164e00a82f3105b810afad757804664742c049"

"@types/d3-random@*":
  version "1.0.5"
  resolved "https://registry.yarnpkg.com/@types/d3-random/-/d3-random-1.0.5.tgz#e1d212f503376899f8a290ebae9cbf606eac856d"

"@types/d3-scale-chromatic@*":
  version "1.2.0"
  resolved "https://registry.yarnpkg.com/@types/d3-scale-chromatic/-/d3-scale-chromatic-1.2.0.tgz#c415744622fd8033f98ebcc9cf962dc8333dec97"

"@types/d3-scale@*":
  version "1.0.6"
  resolved "https://registry.yarnpkg.com/@types/d3-scale/-/d3-scale-1.0.6.tgz#1a47ee5d333a5d68cc858c65a47d9fd699f48573"
  dependencies:
    "@types/d3-time" "*"

"@types/d3-selection@*":
  version "1.0.9"
  resolved "https://registry.yarnpkg.com/@types/d3-selection/-/d3-selection-1.0.9.tgz#9065f95f931468eb2a5ad5ba57531a8bb3c1e1f1"

"@types/d3-shape@*", "@types/d3-shape@^1.2.3":
  version "1.2.3"
  resolved "https://registry.yarnpkg.com/@types/d3-shape/-/d3-shape-1.2.3.tgz#cadc9f93a626db9190f306048a650df4ffa4e500"
  dependencies:
    "@types/d3-path" "*"

"@types/d3-time-format@*":
  version "2.0.4"
  resolved "https://registry.yarnpkg.com/@types/d3-time-format/-/d3-time-format-2.0.4.tgz#3f4749652f347bce4b1c405053b0cfc5154cf537"

"@types/d3-time@*":
  version "1.0.5"
  resolved "https://registry.yarnpkg.com/@types/d3-time/-/d3-time-1.0.5.tgz#c86f1f43dc2b22d3c6c75cd1734effeda74213e5"

"@types/d3-timer@*":
  version "1.0.5"
  resolved "https://registry.yarnpkg.com/@types/d3-timer/-/d3-timer-1.0.5.tgz#aad31e6aa185a6440f544d9167ef3194667d7f1e"

"@types/d3-transition@*":
  version "1.0.6"
  resolved "https://registry.yarnpkg.com/@types/d3-transition/-/d3-transition-1.0.6.tgz#f4cc5294bfe61f6f598c4c6eb765e60c54e543ea"
  dependencies:
    "@types/d3-selection" "*"

"@types/d3-voronoi@*":
  version "1.1.5"
  resolved "https://registry.yarnpkg.com/@types/d3-voronoi/-/d3-voronoi-1.1.5.tgz#67d03acb2d56006bb202c20cee1b8d5ad9fe0461"

"@types/d3-zoom@*":
  version "1.1.0"
  resolved "https://registry.yarnpkg.com/@types/d3-zoom/-/d3-zoom-1.1.0.tgz#2807678cb9ff44cff70f52a6c72c6b95c303dd88"
  dependencies:
    "@types/d3-interpolate" "*"
    "@types/d3-selection" "*"

"@types/d3@^5.0.0":
  version "5.0.0"
  resolved "https://registry.yarnpkg.com/@types/d3/-/d3-5.0.0.tgz#fec49f2aea0f0784f829eff38132926e92676d57"
  dependencies:
    "@types/d3-array" "*"
    "@types/d3-axis" "*"
    "@types/d3-brush" "*"
    "@types/d3-chord" "*"
    "@types/d3-collection" "*"
    "@types/d3-color" "*"
    "@types/d3-contour" "*"
    "@types/d3-dispatch" "*"
    "@types/d3-drag" "*"
    "@types/d3-dsv" "*"
    "@types/d3-ease" "*"
    "@types/d3-fetch" "*"
    "@types/d3-force" "*"
    "@types/d3-format" "*"
    "@types/d3-geo" "*"
    "@types/d3-hierarchy" "*"
    "@types/d3-interpolate" "*"
    "@types/d3-path" "*"
    "@types/d3-polygon" "*"
    "@types/d3-quadtree" "*"
    "@types/d3-random" "*"
    "@types/d3-scale" "*"
    "@types/d3-scale-chromatic" "*"
    "@types/d3-selection" "*"
    "@types/d3-shape" "*"
    "@types/d3-time" "*"
    "@types/d3-time-format" "*"
    "@types/d3-timer" "*"
    "@types/d3-transition" "*"
    "@types/d3-voronoi" "*"
    "@types/d3-zoom" "*"

"@types/estree@0.0.39":
  version "0.0.39"
  resolved "https://registry.yarnpkg.com/@types/estree/-/estree-0.0.39.tgz#e177e699ee1b8c22d23174caaa7422644389509f"

"@types/geojson@*":
  version "0.0.32"
  resolved "https://registry.yarnpkg.com/@types/geojson/-/geojson-0.0.32.tgz#1571eeaf045337b242852885f08d9a945e1cc940"

"@types/node@*":
  version "10.5.2"
  resolved "https://registry.yarnpkg.com/@types/node/-/node-10.5.2.tgz#f19f05314d5421fe37e74153254201a7bf00a707"

arr-diff@^2.0.0:
  version "2.0.0"
  resolved "https://registry.yarnpkg.com/arr-diff/-/arr-diff-2.0.0.tgz#8f3b827f955a8bd669697e4a4256ac3ceae356cf"
  dependencies:
    arr-flatten "^1.0.1"

arr-flatten@^1.0.1:
  version "1.0.3"
  resolved "https://registry.yarnpkg.com/arr-flatten/-/arr-flatten-1.0.3.tgz#a274ed85ac08849b6bd7847c4580745dc51adfb1"

array-unique@^0.2.1:
  version "0.2.1"
  resolved "https://registry.yarnpkg.com/array-unique/-/array-unique-0.2.1.tgz#a1d97ccafcbc2625cc70fadceb36a50c58b01a53"

braces@^1.8.2:
  version "1.8.5"
  resolved "https://registry.yarnpkg.com/braces/-/braces-1.8.5.tgz#ba77962e12dff969d6b76711e914b737857bf6a7"
  dependencies:
    expand-range "^1.8.1"
    preserve "^0.2.0"
    repeat-element "^1.1.2"

builtin-modules@^2.0.0:
  version "2.0.0"
  resolved "https://registry.yarnpkg.com/builtin-modules/-/builtin-modules-2.0.0.tgz#60b7ef5ae6546bd7deefa74b08b62a43a232648e"

d3-path@1:
  version "1.0.3"
  resolved "https://registry.yarnpkg.com/d3-path/-/d3-path-1.0.3.tgz#60103d0dea9a6cd6ca58de86c6d56724002d3fde"

d3-selection@^1.3.0:
  version "1.3.0"
  resolved "https://registry.yarnpkg.com/d3-selection/-/d3-selection-1.3.0.tgz#d53772382d3dc4f7507bfb28bcd2d6aed2a0ad6d"

d3-shape@^1.2.0:
  version "1.2.0"
  resolved "https://registry.yarnpkg.com/d3-shape/-/d3-shape-1.2.0.tgz#45d01538f064bafd05ea3d6d2cb748fd8c41f777"
  dependencies:
    d3-path "1"

estree-walker@^0.3.0:
  version "0.3.0"
  resolved "https://registry.yarnpkg.com/estree-walker/-/estree-walker-0.3.0.tgz#f67ca8f57b9ed66d886af816c099c779b315d4db"

estree-walker@^0.5.1:
  version "0.5.2"
  resolved "https://registry.yarnpkg.com/estree-walker/-/estree-walker-0.5.2.tgz#d3850be7529c9580d815600b53126515e146dd39"

expand-brackets@^0.1.4:
  version "0.1.5"
  resolved "https://registry.yarnpkg.com/expand-brackets/-/expand-brackets-0.1.5.tgz#df07284e342a807cd733ac5af72411e581d1177b"
  dependencies:
    is-posix-bracket "^0.1.0"

expand-range@^1.8.1:
  version "1.8.2"
  resolved "https://registry.yarnpkg.com/expand-range/-/expand-range-1.8.2.tgz#a299effd335fe2721ebae8e257ec79644fc85337"
  dependencies:
    fill-range "^2.1.0"

extglob@^0.3.1:
  version "0.3.2"
  resolved "https://registry.yarnpkg.com/extglob/-/extglob-0.3.2.tgz#2e18ff3d2f49ab2765cec9023f011daa8d8349a1"
  dependencies:
    is-extglob "^1.0.0"

filename-regex@^2.0.0:
  version "2.0.1"
  resolved "https://registry.yarnpkg.com/filename-regex/-/filename-regex-2.0.1.tgz#c1c4b9bee3e09725ddb106b75c1e301fe2f18b26"

fill-range@^2.1.0:
  version "2.2.3"
  resolved "https://registry.yarnpkg.com/fill-range/-/fill-range-2.2.3.tgz#50b77dfd7e469bc7492470963699fe7a8485a723"
  dependencies:
    is-number "^2.1.0"
    isobject "^2.0.0"
    randomatic "^1.1.3"
    repeat-element "^1.1.2"
    repeat-string "^1.5.2"

for-in@^1.0.1:
  version "1.0.2"
  resolved "https://registry.yarnpkg.com/for-in/-/for-in-1.0.2.tgz#81068d295a8142ec0ac726c6e2200c30fb6d5e80"

for-own@^0.1.4:
  version "0.1.5"
  resolved "https://registry.yarnpkg.com/for-own/-/for-own-0.1.5.tgz#5265c681a4f294dabbf17c9509b6763aa84510ce"
  dependencies:
    for-in "^1.0.1"

glob-base@^0.3.0:
  version "0.3.0"
  resolved "https://registry.yarnpkg.com/glob-base/-/glob-base-0.3.0.tgz#dbb164f6221b1c0b1ccf82aea328b497df0ea3c4"
  dependencies:
    glob-parent "^2.0.0"
    is-glob "^2.0.0"

glob-parent@^2.0.0:
  version "2.0.0"
  resolved "https://registry.yarnpkg.com/glob-parent/-/glob-parent-2.0.0.tgz#81383d72db054fcccf5336daa902f182f6edbb28"
  dependencies:
    is-glob "^2.0.0"

is-buffer@^1.1.5:
  version "1.1.5"
  resolved "https://registry.yarnpkg.com/is-buffer/-/is-buffer-1.1.5.tgz#1f3b26ef613b214b88cbca23cc6c01d87961eecc"

is-dotfile@^1.0.0:
  version "1.0.3"
  resolved "https://registry.yarnpkg.com/is-dotfile/-/is-dotfile-1.0.3.tgz#a6a2f32ffd2dfb04f5ca25ecd0f6b83cf798a1e1"

is-equal-shallow@^0.1.3:
  version "0.1.3"
  resolved "https://registry.yarnpkg.com/is-equal-shallow/-/is-equal-shallow-0.1.3.tgz#2238098fc221de0bcfa5d9eac4c45d638aa1c534"
  dependencies:
    is-primitive "^2.0.0"

is-extendable@^0.1.1:
  version "0.1.1"
  resolved "https://registry.yarnpkg.com/is-extendable/-/is-extendable-0.1.1.tgz#62b110e289a471418e3ec36a617d472e301dfc89"

is-extglob@^1.0.0:
  version "1.0.0"
  resolved "https://registry.yarnpkg.com/is-extglob/-/is-extglob-1.0.0.tgz#ac468177c4943405a092fc8f29760c6ffc6206c0"

is-glob@^2.0.0, is-glob@^2.0.1:
  version "2.0.1"
  resolved "https://registry.yarnpkg.com/is-glob/-/is-glob-2.0.1.tgz#d096f926a3ded5600f3fdfd91198cb0888c2d863"
  dependencies:
    is-extglob "^1.0.0"

is-module@^1.0.0:
  version "1.0.0"
  resolved "https://registry.yarnpkg.com/is-module/-/is-module-1.0.0.tgz#3258fb69f78c14d5b815d664336b4cffb6441591"

is-number@^2.1.0:
  version "2.1.0"
  resolved "https://registry.yarnpkg.com/is-number/-/is-number-2.1.0.tgz#01fcbbb393463a548f2f466cce16dece49db908f"
  dependencies:
    kind-of "^3.0.2"

is-number@^3.0.0:
  version "3.0.0"
  resolved "https://registry.yarnpkg.com/is-number/-/is-number-3.0.0.tgz#24fd6201a4782cf50561c810276afc7d12d71195"
  dependencies:
    kind-of "^3.0.2"

is-posix-bracket@^0.1.0:
  version "0.1.1"
  resolved "https://registry.yarnpkg.com/is-posix-bracket/-/is-posix-bracket-0.1.1.tgz#3334dc79774368e92f016e6fbc0a88f5cd6e6bc4"

is-primitive@^2.0.0:
  version "2.0.0"
  resolved "https://registry.yarnpkg.com/is-primitive/-/is-primitive-2.0.0.tgz#207bab91638499c07b2adf240a41a87210034575"

isarray@1.0.0:
  version "1.0.0"
  resolved "https://registry.yarnpkg.com/isarray/-/isarray-1.0.0.tgz#bb935d48582cba168c06834957a54a3e07124f11"

isobject@^2.0.0:
  version "2.1.0"
  resolved "https://registry.yarnpkg.com/isobject/-/isobject-2.1.0.tgz#f065561096a3f1da2ef46272f815c840d87e0c89"
  dependencies:
    isarray "1.0.0"

kind-of@^3.0.2:
  version "3.2.2"
  resolved "https://registry.yarnpkg.com/kind-of/-/kind-of-3.2.2.tgz#31ea21a734bab9bbb0f32466d893aea51e4a3c64"
  dependencies:
    is-buffer "^1.1.5"

kind-of@^4.0.0:
  version "4.0.0"
  resolved "https://registry.yarnpkg.com/kind-of/-/kind-of-4.0.0.tgz#20813df3d712928b207378691a45066fae72dd57"
  dependencies:
    is-buffer "^1.1.5"

magic-string@^0.22.4:
  version "0.22.5"
  resolved "https://registry.yarnpkg.com/magic-string/-/magic-string-0.22.5.tgz#8e9cf5afddf44385c1da5bc2a6a0dbd10b03657e"
  dependencies:
    vlq "^0.2.2"

micromatch@^2.3.11:
  version "2.3.11"
  resolved "https://registry.yarnpkg.com/micromatch/-/micromatch-2.3.11.tgz#86677c97d1720b363431d04d0d15293bd38c1565"
  dependencies:
    arr-diff "^2.0.0"
    array-unique "^0.2.1"
    braces "^1.8.2"
    expand-brackets "^0.1.4"
    extglob "^0.3.1"
    filename-regex "^2.0.0"
    is-extglob "^1.0.0"
    is-glob "^2.0.1"
    kind-of "^3.0.2"
    normalize-path "^2.0.1"
    object.omit "^2.0.0"
    parse-glob "^3.0.4"
    regex-cache "^0.4.2"

normalize-path@^2.0.1:
  version "2.1.1"
  resolved "https://registry.yarnpkg.com/normalize-path/-/normalize-path-2.1.1.tgz#1ab28b556e198363a8c1a6f7e6fa20137fe6aed9"
  dependencies:
    remove-trailing-separator "^1.0.1"

object.omit@^2.0.0:
  version "2.0.1"
  resolved "https://registry.yarnpkg.com/object.omit/-/object.omit-2.0.1.tgz#1a9c744829f39dbb858c76ca3579ae2a54ebd1fa"
  dependencies:
    for-own "^0.1.4"
    is-extendable "^0.1.1"

parse-glob@^3.0.4:
  version "3.0.4"
  resolved "https://registry.yarnpkg.com/parse-glob/-/parse-glob-3.0.4.tgz#b2c376cfb11f35513badd173ef0bb6e3a388391c"
  dependencies:
    glob-base "^0.3.0"
    is-dotfile "^1.0.0"
    is-extglob "^1.0.0"
    is-glob "^2.0.0"

path-parse@^1.0.5:
  version "1.0.5"
  resolved "https://registry.yarnpkg.com/path-parse/-/path-parse-1.0.5.tgz#3c1adf871ea9cd6c9431b6ea2bd74a0ff055c4c1"

preserve@^0.2.0:
  version "0.2.0"
  resolved "https://registry.yarnpkg.com/preserve/-/preserve-0.2.0.tgz#815ed1f6ebc65926f865b310c0713bcb3315ce4b"

randomatic@^1.1.3:
  version "1.1.7"
  resolved "https://registry.yarnpkg.com/randomatic/-/randomatic-1.1.7.tgz#c7abe9cc8b87c0baa876b19fde83fd464797e38c"
  dependencies:
    is-number "^3.0.0"
    kind-of "^4.0.0"

regex-cache@^0.4.2:
  version "0.4.3"
  resolved "https://registry.yarnpkg.com/regex-cache/-/regex-cache-0.4.3.tgz#9b1a6c35d4d0dfcef5711ae651e8e9d3d7114145"
  dependencies:
    is-equal-shallow "^0.1.3"
    is-primitive "^2.0.0"

remove-trailing-separator@^1.0.1:
  version "1.0.2"
  resolved "https://registry.yarnpkg.com/remove-trailing-separator/-/remove-trailing-separator-1.0.2.tgz#69b062d978727ad14dc6b56ba4ab772fd8d70511"

repeat-element@^1.1.2:
  version "1.1.2"
  resolved "https://registry.yarnpkg.com/repeat-element/-/repeat-element-1.1.2.tgz#ef089a178d1483baae4d93eb98b4f9e4e11d990a"

repeat-string@^1.5.2:
  version "1.6.1"
  resolved "https://registry.yarnpkg.com/repeat-string/-/repeat-string-1.6.1.tgz#8dcae470e1c88abc2d600fff4a776286da75e637"

resolve@^1.1.6:
  version "1.2.0"
  resolved "https://registry.yarnpkg.com/resolve/-/resolve-1.2.0.tgz#9589c3f2f6149d1417a40becc1663db6ec6bc26c"

resolve@^1.5.0:
  version "1.8.1"
  resolved "https://registry.yarnpkg.com/resolve/-/resolve-1.8.1.tgz#82f1ec19a423ac1fbd080b0bab06ba36e84a7a26"
  dependencies:
    path-parse "^1.0.5"

rollup-plugin-commonjs@^9.1.4:
  version "9.1.4"
  resolved "https://registry.yarnpkg.com/rollup-plugin-commonjs/-/rollup-plugin-commonjs-9.1.4.tgz#525b701adfd40e314b5bb6888d88edc28e10442f"
  dependencies:
    estree-walker "^0.5.1"
    magic-string "^0.22.4"
    resolve "^1.5.0"
    rollup-pluginutils "^2.0.1"

rollup-plugin-node-resolve@^3.3.0:
  version "3.3.0"
  resolved "https://registry.yarnpkg.com/rollup-plugin-node-resolve/-/rollup-plugin-node-resolve-3.3.0.tgz#c26d110a36812cbefa7ce117cadcd3439aa1c713"
  dependencies:
    builtin-modules "^2.0.0"
    is-module "^1.0.0"
    resolve "^1.1.6"

rollup-pluginutils@^2.0.1:
  version "2.0.1"
  resolved "https://registry.yarnpkg.com/rollup-pluginutils/-/rollup-pluginutils-2.0.1.tgz#7ec95b3573f6543a46a6461bd9a7c544525d0fc0"
  dependencies:
    estree-walker "^0.3.0"
    micromatch "^2.3.11"

rollup@^0.64.1:
  version "0.64.1"
  resolved "https://registry.yarnpkg.com/rollup/-/rollup-0.64.1.tgz#9188ee368e5fcd43ffbc00ec414e72eeb5de87ba"
  dependencies:
    "@types/estree" "0.0.39"
    "@types/node" "*"

typescript@^3.0.1:
  version "3.0.1"
  resolved "https://registry.yarnpkg.com/typescript/-/typescript-3.0.1.tgz#43738f29585d3a87575520a4b93ab6026ef11fdb"

vlq@^0.2.2:
  version "0.2.3"
  resolved "https://registry.yarnpkg.com/vlq/-/vlq-0.2.3.tgz#8f3e4328cf63b1540c0d67e1b2778386f8975b26"
